// !$*UTF8*$!
{
	archiveVersion = 1;
	classes = {
	};
	objectVersion = 46;
	objects = {

/* Begin PBXBuildFile section */
		5C3FDF961CBA9C80004001C6 /* Alamofire.framework in Frameworks */ = {isa = PBXBuildFile; fileRef = 5C3FDF901CBA9C80004001C6 /* Alamofire.framework */; };
		5C3FDF971CBA9C80004001C6 /* Alamofire.framework in Embed Frameworks */ = {isa = PBXBuildFile; fileRef = 5C3FDF901CBA9C80004001C6 /* Alamofire.framework */; settings = {ATTRIBUTES = (CodeSignOnCopy, RemoveHeadersOnCopy, ); }; };
		5C3FDF981CBA9C80004001C6 /* RxBlocking.framework in Frameworks */ = {isa = PBXBuildFile; fileRef = 5C3FDF911CBA9C80004001C6 /* RxBlocking.framework */; };
		5C3FDF991CBA9C80004001C6 /* RxBlocking.framework in Embed Frameworks */ = {isa = PBXBuildFile; fileRef = 5C3FDF911CBA9C80004001C6 /* RxBlocking.framework */; settings = {ATTRIBUTES = (CodeSignOnCopy, RemoveHeadersOnCopy, ); }; };
		5C3FDF9A1CBA9C81004001C6 /* RxCocoa.framework in Frameworks */ = {isa = PBXBuildFile; fileRef = 5C3FDF921CBA9C80004001C6 /* RxCocoa.framework */; };
		5C3FDF9B1CBA9C81004001C6 /* RxCocoa.framework in Embed Frameworks */ = {isa = PBXBuildFile; fileRef = 5C3FDF921CBA9C80004001C6 /* RxCocoa.framework */; settings = {ATTRIBUTES = (CodeSignOnCopy, RemoveHeadersOnCopy, ); }; };
		5C3FDF9C1CBA9C81004001C6 /* RxSwift.framework in Frameworks */ = {isa = PBXBuildFile; fileRef = 5C3FDF931CBA9C80004001C6 /* RxSwift.framework */; };
		5C3FDF9D1CBA9C81004001C6 /* RxSwift.framework in Embed Frameworks */ = {isa = PBXBuildFile; fileRef = 5C3FDF931CBA9C80004001C6 /* RxSwift.framework */; settings = {ATTRIBUTES = (CodeSignOnCopy, RemoveHeadersOnCopy, ); }; };
		5C3FDF9E1CBA9C81004001C6 /* RxTests.framework in Frameworks */ = {isa = PBXBuildFile; fileRef = 5C3FDF941CBA9C80004001C6 /* RxTests.framework */; };
		5C3FDF9F1CBA9C81004001C6 /* RxTests.framework in Embed Frameworks */ = {isa = PBXBuildFile; fileRef = 5C3FDF941CBA9C80004001C6 /* RxTests.framework */; settings = {ATTRIBUTES = (CodeSignOnCopy, RemoveHeadersOnCopy, ); }; };
		5C3FDFA01CBA9C81004001C6 /* WebImage.framework in Frameworks */ = {isa = PBXBuildFile; fileRef = 5C3FDF951CBA9C80004001C6 /* WebImage.framework */; };
		5C3FDFA11CBA9C81004001C6 /* WebImage.framework in Embed Frameworks */ = {isa = PBXBuildFile; fileRef = 5C3FDF951CBA9C80004001C6 /* WebImage.framework */; settings = {ATTRIBUTES = (CodeSignOnCopy, RemoveHeadersOnCopy, ); }; };
		5C3FDFA71CBAA23B004001C6 /* AllItemViewController.swift in Sources */ = {isa = PBXBuildFile; fileRef = 5C3FDFA61CBAA23B004001C6 /* AllItemViewController.swift */; };
		5C3FDFA91CBAA302004001C6 /* AllItemViewDataSource.swift in Sources */ = {isa = PBXBuildFile; fileRef = 5C3FDFA81CBAA302004001C6 /* AllItemViewDataSource.swift */; };
		5C3FDFAB1CBAA472004001C6 /* API.swift in Sources */ = {isa = PBXBuildFile; fileRef = 5C3FDFAA1CBAA472004001C6 /* API.swift */; };
		5C3FDFAD1CBAA600004001C6 /* APIConstants.swift in Sources */ = {isa = PBXBuildFile; fileRef = 5C3FDFAC1CBAA600004001C6 /* APIConstants.swift */; };
		5C3FDFAF1CBAA6CB004001C6 /* APIRouter.swift in Sources */ = {isa = PBXBuildFile; fileRef = 5C3FDFAE1CBAA6CB004001C6 /* APIRouter.swift */; };
		5C432A121CBA577700A01789 /* AppDelegate.swift in Sources */ = {isa = PBXBuildFile; fileRef = 5C432A111CBA577700A01789 /* AppDelegate.swift */; };
		5C432A141CBA577700A01789 /* ViewController.swift in Sources */ = {isa = PBXBuildFile; fileRef = 5C432A131CBA577700A01789 /* ViewController.swift */; };
		5C432A171CBA577700A01789 /* Main.storyboard in Resources */ = {isa = PBXBuildFile; fileRef = 5C432A151CBA577700A01789 /* Main.storyboard */; };
		5C432A191CBA577700A01789 /* Assets.xcassets in Resources */ = {isa = PBXBuildFile; fileRef = 5C432A181CBA577700A01789 /* Assets.xcassets */; };
		5C432A1C1CBA577700A01789 /* LaunchScreen.storyboard in Resources */ = {isa = PBXBuildFile; fileRef = 5C432A1A1CBA577700A01789 /* LaunchScreen.storyboard */; };
		5C432A271CBA577700A01789 /* TryRxSwiftTests.swift in Sources */ = {isa = PBXBuildFile; fileRef = 5C432A261CBA577700A01789 /* TryRxSwiftTests.swift */; };
		5C432A321CBA577700A01789 /* TryRxSwiftUITests.swift in Sources */ = {isa = PBXBuildFile; fileRef = 5C432A311CBA577700A01789 /* TryRxSwiftUITests.swift */; };
		5CDE2CEF1CBBE4630059D7DA /* AllItemRequest.swift in Sources */ = {isa = PBXBuildFile; fileRef = 5CDE2CEE1CBBE4630059D7DA /* AllItemRequest.swift */; };
		5CDE2CF11CBBE5100059D7DA /* Item.swift in Sources */ = {isa = PBXBuildFile; fileRef = 5CDE2CF01CBBE5100059D7DA /* Item.swift */; };
		5CDE2CF31CBBE5C70059D7DA /* User.swift in Sources */ = {isa = PBXBuildFile; fileRef = 5CDE2CF21CBBE5C70059D7DA /* User.swift */; };
		5CDE2CF51CBBE9080059D7DA /* AllItemViewModel.swift in Sources */ = {isa = PBXBuildFile; fileRef = 5CDE2CF41CBBE9080059D7DA /* AllItemViewModel.swift */; };
		5CDE2CF71CBBE9E40059D7DA /* ItemCellModel.swift in Sources */ = {isa = PBXBuildFile; fileRef = 5CDE2CF61CBBE9E40059D7DA /* ItemCellModel.swift */; };
		5CDE2CFA1CBBEA2F0059D7DA /* ItemCell.swift in Sources */ = {isa = PBXBuildFile; fileRef = 5CDE2CF81CBBEA2F0059D7DA /* ItemCell.swift */; };
		5CDE2CFB1CBBEA2F0059D7DA /* ItemCell.xib in Resources */ = {isa = PBXBuildFile; fileRef = 5CDE2CF91CBBEA2F0059D7DA /* ItemCell.xib */; };
/* End PBXBuildFile section */

/* Begin PBXContainerItemProxy section */
		5C432A231CBA577700A01789 /* PBXContainerItemProxy */ = {
			isa = PBXContainerItemProxy;
			containerPortal = 5C432A061CBA577700A01789 /* Project object */;
			proxyType = 1;
			remoteGlobalIDString = 5C432A0D1CBA577700A01789;
			remoteInfo = TryRxSwift;
		};
		5C432A2E1CBA577700A01789 /* PBXContainerItemProxy */ = {
			isa = PBXContainerItemProxy;
			containerPortal = 5C432A061CBA577700A01789 /* Project object */;
			proxyType = 1;
			remoteGlobalIDString = 5C432A0D1CBA577700A01789;
			remoteInfo = TryRxSwift;
		};
/* End PBXContainerItemProxy section */

/* Begin PBXCopyFilesBuildPhase section */
		5C3FDFA21CBA9C81004001C6 /* Embed Frameworks */ = {
			isa = PBXCopyFilesBuildPhase;
			buildActionMask = 2147483647;
			dstPath = "";
			dstSubfolderSpec = 10;
			files = (
				5C3FDF9D1CBA9C81004001C6 /* RxSwift.framework in Embed Frameworks */,
				5C3FDF9B1CBA9C81004001C6 /* RxCocoa.framework in Embed Frameworks */,
				5C3FDF971CBA9C80004001C6 /* Alamofire.framework in Embed Frameworks */,
				5C3FDFA11CBA9C81004001C6 /* WebImage.framework in Embed Frameworks */,
				5C3FDF9F1CBA9C81004001C6 /* RxTests.framework in Embed Frameworks */,
				5C3FDF991CBA9C80004001C6 /* RxBlocking.framework in Embed Frameworks */,
			);
			name = "Embed Frameworks";
			runOnlyForDeploymentPostprocessing = 0;
		};
/* End PBXCopyFilesBuildPhase section */

/* Begin PBXFileReference section */
		5C3FDF901CBA9C80004001C6 /* Alamofire.framework */ = {isa = PBXFileReference; lastKnownFileType = wrapper.framework; name = Alamofire.framework; path = ../Carthage/Build/iOS/Alamofire.framework; sourceTree = "<group>"; };
		5C3FDF911CBA9C80004001C6 /* RxBlocking.framework */ = {isa = PBXFileReference; lastKnownFileType = wrapper.framework; name = RxBlocking.framework; path = ../Carthage/Build/iOS/RxBlocking.framework; sourceTree = "<group>"; };
		5C3FDF921CBA9C80004001C6 /* RxCocoa.framework */ = {isa = PBXFileReference; lastKnownFileType = wrapper.framework; name = RxCocoa.framework; path = ../Carthage/Build/iOS/RxCocoa.framework; sourceTree = "<group>"; };
		5C3FDF931CBA9C80004001C6 /* RxSwift.framework */ = {isa = PBXFileReference; lastKnownFileType = wrapper.framework; name = RxSwift.framework; path = ../Carthage/Build/iOS/RxSwift.framework; sourceTree = "<group>"; };
		5C3FDF941CBA9C80004001C6 /* RxTests.framework */ = {isa = PBXFileReference; lastKnownFileType = wrapper.framework; name = RxTests.framework; path = ../Carthage/Build/iOS/RxTests.framework; sourceTree = "<group>"; };
		5C3FDF951CBA9C80004001C6 /* WebImage.framework */ = {isa = PBXFileReference; lastKnownFileType = wrapper.framework; name = WebImage.framework; path = ../Carthage/Build/iOS/WebImage.framework; sourceTree = "<group>"; };
		5C3FDFA61CBAA23B004001C6 /* AllItemViewController.swift */ = {isa = PBXFileReference; fileEncoding = 4; lastKnownFileType = sourcecode.swift; path = AllItemViewController.swift; sourceTree = "<group>"; };
		5C3FDFA81CBAA302004001C6 /* AllItemViewDataSource.swift */ = {isa = PBXFileReference; fileEncoding = 4; lastKnownFileType = sourcecode.swift; path = AllItemViewDataSource.swift; sourceTree = "<group>"; };
		5C3FDFAA1CBAA472004001C6 /* API.swift */ = {isa = PBXFileReference; fileEncoding = 4; lastKnownFileType = sourcecode.swift; path = API.swift; sourceTree = "<group>"; };
		5C3FDFAC1CBAA600004001C6 /* APIConstants.swift */ = {isa = PBXFileReference; fileEncoding = 4; lastKnownFileType = sourcecode.swift; path = APIConstants.swift; sourceTree = "<group>"; };
		5C3FDFAE1CBAA6CB004001C6 /* APIRouter.swift */ = {isa = PBXFileReference; fileEncoding = 4; lastKnownFileType = sourcecode.swift; path = APIRouter.swift; sourceTree = "<group>"; };
		5C432A0E1CBA577700A01789 /* TryRxSwift.app */ = {isa = PBXFileReference; explicitFileType = wrapper.application; includeInIndex = 0; path = TryRxSwift.app; sourceTree = BUILT_PRODUCTS_DIR; };
		5C432A111CBA577700A01789 /* AppDelegate.swift */ = {isa = PBXFileReference; lastKnownFileType = sourcecode.swift; path = AppDelegate.swift; sourceTree = "<group>"; };
		5C432A131CBA577700A01789 /* ViewController.swift */ = {isa = PBXFileReference; lastKnownFileType = sourcecode.swift; path = ViewController.swift; sourceTree = "<group>"; };
		5C432A161CBA577700A01789 /* Base */ = {isa = PBXFileReference; lastKnownFileType = file.storyboard; name = Base; path = Base.lproj/Main.storyboard; sourceTree = "<group>"; };
		5C432A181CBA577700A01789 /* Assets.xcassets */ = {isa = PBXFileReference; lastKnownFileType = folder.assetcatalog; path = Assets.xcassets; sourceTree = "<group>"; };
		5C432A1B1CBA577700A01789 /* Base */ = {isa = PBXFileReference; lastKnownFileType = file.storyboard; name = Base; path = Base.lproj/LaunchScreen.storyboard; sourceTree = "<group>"; };
		5C432A1D1CBA577700A01789 /* Info.plist */ = {isa = PBXFileReference; lastKnownFileType = text.plist.xml; path = Info.plist; sourceTree = "<group>"; };
		5C432A221CBA577700A01789 /* TryRxSwiftTests.xctest */ = {isa = PBXFileReference; explicitFileType = wrapper.cfbundle; includeInIndex = 0; path = TryRxSwiftTests.xctest; sourceTree = BUILT_PRODUCTS_DIR; };
		5C432A261CBA577700A01789 /* TryRxSwiftTests.swift */ = {isa = PBXFileReference; lastKnownFileType = sourcecode.swift; path = TryRxSwiftTests.swift; sourceTree = "<group>"; };
		5C432A281CBA577700A01789 /* Info.plist */ = {isa = PBXFileReference; lastKnownFileType = text.plist.xml; path = Info.plist; sourceTree = "<group>"; };
		5C432A2D1CBA577700A01789 /* TryRxSwiftUITests.xctest */ = {isa = PBXFileReference; explicitFileType = wrapper.cfbundle; includeInIndex = 0; path = TryRxSwiftUITests.xctest; sourceTree = BUILT_PRODUCTS_DIR; };
		5C432A311CBA577700A01789 /* TryRxSwiftUITests.swift */ = {isa = PBXFileReference; lastKnownFileType = sourcecode.swift; path = TryRxSwiftUITests.swift; sourceTree = "<group>"; };
		5C432A331CBA577700A01789 /* Info.plist */ = {isa = PBXFileReference; lastKnownFileType = text.plist.xml; path = Info.plist; sourceTree = "<group>"; };
		5CDE2CEE1CBBE4630059D7DA /* AllItemRequest.swift */ = {isa = PBXFileReference; fileEncoding = 4; lastKnownFileType = sourcecode.swift; path = AllItemRequest.swift; sourceTree = "<group>"; };
		5CDE2CF01CBBE5100059D7DA /* Item.swift */ = {isa = PBXFileReference; fileEncoding = 4; lastKnownFileType = sourcecode.swift; path = Item.swift; sourceTree = "<group>"; };
		5CDE2CF21CBBE5C70059D7DA /* User.swift */ = {isa = PBXFileReference; fileEncoding = 4; lastKnownFileType = sourcecode.swift; path = User.swift; sourceTree = "<group>"; };
		5CDE2CF41CBBE9080059D7DA /* AllItemViewModel.swift */ = {isa = PBXFileReference; fileEncoding = 4; lastKnownFileType = sourcecode.swift; path = AllItemViewModel.swift; sourceTree = "<group>"; };
		5CDE2CF61CBBE9E40059D7DA /* ItemCellModel.swift */ = {isa = PBXFileReference; fileEncoding = 4; lastKnownFileType = sourcecode.swift; path = ItemCellModel.swift; sourceTree = "<group>"; };
		5CDE2CF81CBBEA2F0059D7DA /* ItemCell.swift */ = {isa = PBXFileReference; fileEncoding = 4; lastKnownFileType = sourcecode.swift; path = ItemCell.swift; sourceTree = "<group>"; };
		5CDE2CF91CBBEA2F0059D7DA /* ItemCell.xib */ = {isa = PBXFileReference; fileEncoding = 4; lastKnownFileType = file.xib; path = ItemCell.xib; sourceTree = "<group>"; };
/* End PBXFileReference section */

/* Begin PBXFrameworksBuildPhase section */
		5C432A0B1CBA577700A01789 /* Frameworks */ = {
			isa = PBXFrameworksBuildPhase;
			buildActionMask = 2147483647;
			files = (
				5C3FDF9C1CBA9C81004001C6 /* RxSwift.framework in Frameworks */,
				5C3FDF9A1CBA9C81004001C6 /* RxCocoa.framework in Frameworks */,
				5C3FDF961CBA9C80004001C6 /* Alamofire.framework in Frameworks */,
				5C3FDFA01CBA9C81004001C6 /* WebImage.framework in Frameworks */,
				5C3FDF9E1CBA9C81004001C6 /* RxTests.framework in Frameworks */,
				5C3FDF981CBA9C80004001C6 /* RxBlocking.framework in Frameworks */,
			);
			runOnlyForDeploymentPostprocessing = 0;
		};
		5C432A1F1CBA577700A01789 /* Frameworks */ = {
			isa = PBXFrameworksBuildPhase;
			buildActionMask = 2147483647;
			files = (
			);
			runOnlyForDeploymentPostprocessing = 0;
		};
		5C432A2A1CBA577700A01789 /* Frameworks */ = {
			isa = PBXFrameworksBuildPhase;
			buildActionMask = 2147483647;
			files = (
			);
			runOnlyForDeploymentPostprocessing = 0;
		};
/* End PBXFrameworksBuildPhase section */

/* Begin PBXGroup section */
		5C3FDFA31CBA9CBF004001C6 /* Frameworks */ = {
			isa = PBXGroup;
			children = (
				5C3FDF901CBA9C80004001C6 /* Alamofire.framework */,
				5C3FDF911CBA9C80004001C6 /* RxBlocking.framework */,
				5C3FDF921CBA9C80004001C6 /* RxCocoa.framework */,
				5C3FDF931CBA9C80004001C6 /* RxSwift.framework */,
				5C3FDF951CBA9C80004001C6 /* WebImage.framework */,
			);
			name = Frameworks;
			sourceTree = "<group>";
		};
		5C3FDFA41CBA9CC9004001C6 /* Frameworks */ = {
			isa = PBXGroup;
			children = (
				5C3FDF941CBA9C80004001C6 /* RxTests.framework */,
			);
			name = Frameworks;
			sourceTree = "<group>";
		};
		5C432A051CBA577700A01789 = {
			isa = PBXGroup;
			children = (
				5C432A101CBA577700A01789 /* TryRxSwift */,
				5C432A251CBA577700A01789 /* TryRxSwiftTests */,
				5C432A301CBA577700A01789 /* TryRxSwiftUITests */,
				5C432A0F1CBA577700A01789 /* Products */,
			);
			sourceTree = "<group>";
		};
		5C432A0F1CBA577700A01789 /* Products */ = {
			isa = PBXGroup;
			children = (
				5C432A0E1CBA577700A01789 /* TryRxSwift.app */,
				5C432A221CBA577700A01789 /* TryRxSwiftTests.xctest */,
				5C432A2D1CBA577700A01789 /* TryRxSwiftUITests.xctest */,
			);
			name = Products;
			sourceTree = "<group>";
		};
		5C432A101CBA577700A01789 /* TryRxSwift */ = {
			isa = PBXGroup;
			children = (
				5C3FDFA31CBA9CBF004001C6 /* Frameworks */,
				5C432A111CBA577700A01789 /* AppDelegate.swift */,
				5C432A131CBA577700A01789 /* ViewController.swift */,
				5C3FDFAA1CBAA472004001C6 /* API.swift */,
				5C3FDFAC1CBAA600004001C6 /* APIConstants.swift */,
				5C3FDFAE1CBAA6CB004001C6 /* APIRouter.swift */,
				5CDE2CEE1CBBE4630059D7DA /* AllItemRequest.swift */,
				5CDE2CF01CBBE5100059D7DA /* Item.swift */,
				5CDE2CF21CBBE5C70059D7DA /* User.swift */,
				5C3FDFA61CBAA23B004001C6 /* AllItemViewController.swift */,
				5C3FDFA81CBAA302004001C6 /* AllItemViewDataSource.swift */,
				5CDE2CF41CBBE9080059D7DA /* AllItemViewModel.swift */,
				5CDE2CF61CBBE9E40059D7DA /* ItemCellModel.swift */,
				5CDE2CF81CBBEA2F0059D7DA /* ItemCell.swift */,
				5CDE2CF91CBBEA2F0059D7DA /* ItemCell.xib */,
				5C432A151CBA577700A01789 /* Main.storyboard */,
				5C432A181CBA577700A01789 /* Assets.xcassets */,
				5C432A1A1CBA577700A01789 /* LaunchScreen.storyboard */,
				5C432A1D1CBA577700A01789 /* Info.plist */,
			);
			path = TryRxSwift;
			sourceTree = "<group>";
		};
		5C432A251CBA577700A01789 /* TryRxSwiftTests */ = {
			isa = PBXGroup;
			children = (
				5C3FDFA41CBA9CC9004001C6 /* Frameworks */,
				5C432A261CBA577700A01789 /* TryRxSwiftTests.swift */,
				5C432A281CBA577700A01789 /* Info.plist */,
			);
			path = TryRxSwiftTests;
			sourceTree = "<group>";
		};
		5C432A301CBA577700A01789 /* TryRxSwiftUITests */ = {
			isa = PBXGroup;
			children = (
				5C432A311CBA577700A01789 /* TryRxSwiftUITests.swift */,
				5C432A331CBA577700A01789 /* Info.plist */,
			);
			path = TryRxSwiftUITests;
			sourceTree = "<group>";
		};
/* End PBXGroup section */

/* Begin PBXNativeTarget section */
		5C432A0D1CBA577700A01789 /* TryRxSwift */ = {
			isa = PBXNativeTarget;
			buildConfigurationList = 5C432A361CBA577700A01789 /* Build configuration list for PBXNativeTarget "TryRxSwift" */;
			buildPhases = (
				5C432A0A1CBA577700A01789 /* Sources */,
				5C432A0B1CBA577700A01789 /* Frameworks */,
				5C432A0C1CBA577700A01789 /* Resources */,
				5C3FDFA21CBA9C81004001C6 /* Embed Frameworks */,
				5C3FDFA51CBA9DAB004001C6 /* ShellScript */,
			);
			buildRules = (
			);
			dependencies = (
			);
			name = TryRxSwift;
			productName = TryRxSwift;
			productReference = 5C432A0E1CBA577700A01789 /* TryRxSwift.app */;
			productType = "com.apple.product-type.application";
		};
		5C432A211CBA577700A01789 /* TryRxSwiftTests */ = {
			isa = PBXNativeTarget;
			buildConfigurationList = 5C432A391CBA577700A01789 /* Build configuration list for PBXNativeTarget "TryRxSwiftTests" */;
			buildPhases = (
				5C432A1E1CBA577700A01789 /* Sources */,
				5C432A1F1CBA577700A01789 /* Frameworks */,
				5C432A201CBA577700A01789 /* Resources */,
			);
			buildRules = (
			);
			dependencies = (
				5C432A241CBA577700A01789 /* PBXTargetDependency */,
			);
			name = TryRxSwiftTests;
			productName = TryRxSwiftTests;
			productReference = 5C432A221CBA577700A01789 /* TryRxSwiftTests.xctest */;
			productType = "com.apple.product-type.bundle.unit-test";
		};
		5C432A2C1CBA577700A01789 /* TryRxSwiftUITests */ = {
			isa = PBXNativeTarget;
			buildConfigurationList = 5C432A3C1CBA577700A01789 /* Build configuration list for PBXNativeTarget "TryRxSwiftUITests" */;
			buildPhases = (
				5C432A291CBA577700A01789 /* Sources */,
				5C432A2A1CBA577700A01789 /* Frameworks */,
				5C432A2B1CBA577700A01789 /* Resources */,
			);
			buildRules = (
			);
			dependencies = (
				5C432A2F1CBA577700A01789 /* PBXTargetDependency */,
			);
			name = TryRxSwiftUITests;
			productName = TryRxSwiftUITests;
			productReference = 5C432A2D1CBA577700A01789 /* TryRxSwiftUITests.xctest */;
			productType = "com.apple.product-type.bundle.ui-testing";
		};
/* End PBXNativeTarget section */

/* Begin PBXProject section */
		5C432A061CBA577700A01789 /* Project object */ = {
			isa = PBXProject;
			attributes = {
				LastSwiftUpdateCheck = 0720;
				LastUpgradeCheck = 0720;
				ORGANIZATIONNAME = "naoto yamaguchi";
				TargetAttributes = {
					5C432A0D1CBA577700A01789 = {
						CreatedOnToolsVersion = 7.2;
					};
					5C432A211CBA577700A01789 = {
						CreatedOnToolsVersion = 7.2;
						TestTargetID = 5C432A0D1CBA577700A01789;
					};
					5C432A2C1CBA577700A01789 = {
						CreatedOnToolsVersion = 7.2;
						TestTargetID = 5C432A0D1CBA577700A01789;
					};
				};
			};
			buildConfigurationList = 5C432A091CBA577700A01789 /* Build configuration list for PBXProject "TryRxSwift" */;
			compatibilityVersion = "Xcode 3.2";
			developmentRegion = English;
			hasScannedForEncodings = 0;
			knownRegions = (
				en,
				Base,
			);
			mainGroup = 5C432A051CBA577700A01789;
			productRefGroup = 5C432A0F1CBA577700A01789 /* Products */;
			projectDirPath = "";
			projectRoot = "";
			targets = (
				5C432A0D1CBA577700A01789 /* TryRxSwift */,
				5C432A211CBA577700A01789 /* TryRxSwiftTests */,
				5C432A2C1CBA577700A01789 /* TryRxSwiftUITests */,
			);
		};
/* End PBXProject section */

/* Begin PBXResourcesBuildPhase section */
		5C432A0C1CBA577700A01789 /* Resources */ = {
			isa = PBXResourcesBuildPhase;
			buildActionMask = 2147483647;
			files = (
				5CDE2CFB1CBBEA2F0059D7DA /* ItemCell.xib in Resources */,
				5C432A1C1CBA577700A01789 /* LaunchScreen.storyboard in Resources */,
				5C432A191CBA577700A01789 /* Assets.xcassets in Resources */,
				5C432A171CBA577700A01789 /* Main.storyboard in Resources */,
			);
			runOnlyForDeploymentPostprocessing = 0;
		};
		5C432A201CBA577700A01789 /* Resources */ = {
			isa = PBXResourcesBuildPhase;
			buildActionMask = 2147483647;
			files = (
			);
			runOnlyForDeploymentPostprocessing = 0;
		};
		5C432A2B1CBA577700A01789 /* Resources */ = {
			isa = PBXResourcesBuildPhase;
			buildActionMask = 2147483647;
			files = (
			);
			runOnlyForDeploymentPostprocessing = 0;
		};
/* End PBXResourcesBuildPhase section */

/* Begin PBXShellScriptBuildPhase section */
		5C3FDFA51CBA9DAB004001C6 /* ShellScript */ = {
			isa = PBXShellScriptBuildPhase;
			buildActionMask = 2147483647;
			files = (
			);
			inputPaths = (
				"$(SRCROOT)/Carthage/Build/iOS/Alamofire.framework",
				"$(SRCROOT)/Carthage/Build/iOS/RxSwift.framework",
				"$(SRCROOT)/Carthage/Build/iOS/RxCocoa.framework",
				"$(SRCROOT)/Carthage/Build/iOS/RxBlocking.framework",
				"$(SRCROOT)/Carthage/Build/iOS/RxTests.framework",
				"$(SRCROOT)/Carthage/Build/iOS/WebImage.framework",
			);
			outputPaths = (
			);
			runOnlyForDeploymentPostprocessing = 0;
			shellPath = /bin/sh;
			shellScript = "/usr/local/bin/carthage copy-frameworks";
		};
/* End PBXShellScriptBuildPhase section */

/* Begin PBXSourcesBuildPhase section */
		5C432A0A1CBA577700A01789 /* Sources */ = {
			isa = PBXSourcesBuildPhase;
			buildActionMask = 2147483647;
			files = (
				5CDE2CFA1CBBEA2F0059D7DA /* ItemCell.swift in Sources */,
				5CDE2CF51CBBE9080059D7DA /* AllItemViewModel.swift in Sources */,
				5CDE2CEF1CBBE4630059D7DA /* AllItemRequest.swift in Sources */,
				5CDE2CF11CBBE5100059D7DA /* Item.swift in Sources */,
				5C3FDFAF1CBAA6CB004001C6 /* APIRouter.swift in Sources */,
				5C3FDFA91CBAA302004001C6 /* AllItemViewDataSource.swift in Sources */,
				5C432A141CBA577700A01789 /* ViewController.swift in Sources */,
				5CDE2CF71CBBE9E40059D7DA /* ItemCellModel.swift in Sources */,
				5C3FDFAD1CBAA600004001C6 /* APIConstants.swift in Sources */,
				5C3FDFA71CBAA23B004001C6 /* AllItemViewController.swift in Sources */,
				5C432A121CBA577700A01789 /* AppDelegate.swift in Sources */,
				5CDE2CF31CBBE5C70059D7DA /* User.swift in Sources */,
				5C3FDFAB1CBAA472004001C6 /* API.swift in Sources */,
			);
			runOnlyForDeploymentPostprocessing = 0;
		};
		5C432A1E1CBA577700A01789 /* Sources */ = {
			isa = PBXSourcesBuildPhase;
			buildActionMask = 2147483647;
			files = (
				5C432A271CBA577700A01789 /* TryRxSwiftTests.swift in Sources */,
			);
			runOnlyForDeploymentPostprocessing = 0;
		};
		5C432A291CBA577700A01789 /* Sources */ = {
			isa = PBXSourcesBuildPhase;
			buildActionMask = 2147483647;
			files = (
				5C432A321CBA577700A01789 /* TryRxSwiftUITests.swift in Sources */,
			);
			runOnlyForDeploymentPostprocessing = 0;
		};
/* End PBXSourcesBuildPhase section */

/* Begin PBXTargetDependency section */
		5C432A241CBA577700A01789 /* PBXTargetDependency */ = {
			isa = PBXTargetDependency;
			target = 5C432A0D1CBA577700A01789 /* TryRxSwift */;
			targetProxy = 5C432A231CBA577700A01789 /* PBXContainerItemProxy */;
		};
		5C432A2F1CBA577700A01789 /* PBXTargetDependency */ = {
			isa = PBXTargetDependency;
			target = 5C432A0D1CBA577700A01789 /* TryRxSwift */;
			targetProxy = 5C432A2E1CBA577700A01789 /* PBXContainerItemProxy */;
		};
/* End PBXTargetDependency section */

/* Begin PBXVariantGroup section */
		5C432A151CBA577700A01789 /* Main.storyboard */ = {
			isa = PBXVariantGroup;
			children = (
				5C432A161CBA577700A01789 /* Base */,
			);
			name = Main.storyboard;
			sourceTree = "<group>";
		};
		5C432A1A1CBA577700A01789 /* LaunchScreen.storyboard */ = {
			isa = PBXVariantGroup;
			children = (
				5C432A1B1CBA577700A01789 /* Base */,
			);
			name = LaunchScreen.storyboard;
			sourceTree = "<group>";
		};
/* End PBXVariantGroup section */

/* Begin XCBuildConfiguration section */
		5C432A341CBA577700A01789 /* Debug */ = {
			isa = XCBuildConfiguration;
			buildSettings = {
				ALWAYS_SEARCH_USER_PATHS = NO;
				CLANG_CXX_LANGUAGE_STANDARD = "gnu++0x";
				CLANG_CXX_LIBRARY = "libc++";
				CLANG_ENABLE_MODULES = YES;
				CLANG_ENABLE_OBJC_ARC = YES;
				CLANG_WARN_BOOL_CONVERSION = YES;
				CLANG_WARN_CONSTANT_CONVERSION = YES;
				CLANG_WARN_DIRECT_OBJC_ISA_USAGE = YES_ERROR;
				CLANG_WARN_EMPTY_BODY = YES;
				CLANG_WARN_ENUM_CONVERSION = YES;
				CLANG_WARN_INT_CONVERSION = YES;
				CLANG_WARN_OBJC_ROOT_CLASS = YES_ERROR;
				CLANG_WARN_UNREACHABLE_CODE = YES;
				CLANG_WARN__DUPLICATE_METHOD_MATCH = YES;
				"CODE_SIGN_IDENTITY[sdk=iphoneos*]" = "iPhone Developer";
				COPY_PHASE_STRIP = NO;
				DEBUG_INFORMATION_FORMAT = dwarf;
				ENABLE_STRICT_OBJC_MSGSEND = YES;
				ENABLE_TESTABILITY = YES;
				GCC_C_LANGUAGE_STANDARD = gnu99;
				GCC_DYNAMIC_NO_PIC = NO;
				GCC_NO_COMMON_BLOCKS = YES;
				GCC_OPTIMIZATION_LEVEL = 0;
				GCC_PREPROCESSOR_DEFINITIONS = (
					"DEBUG=1",
					"$(inherited)",
				);
				GCC_WARN_64_TO_32_BIT_CONVERSION = YES;
				GCC_WARN_ABOUT_RETURN_TYPE = YES_ERROR;
				GCC_WARN_UNDECLARED_SELECTOR = YES;
				GCC_WARN_UNINITIALIZED_AUTOS = YES_AGGRESSIVE;
				GCC_WARN_UNUSED_FUNCTION = YES;
				GCC_WARN_UNUSED_VARIABLE = YES;
				IPHONEOS_DEPLOYMENT_TARGET = 9.2;
				MTL_ENABLE_DEBUG_INFO = YES;
				ONLY_ACTIVE_ARCH = YES;
				SDKROOT = iphoneos;
				SWIFT_OPTIMIZATION_LEVEL = "-Onone";
			};
			name = Debug;
		};
		5C432A351CBA577700A01789 /* Release */ = {
			isa = XCBuildConfiguration;
			buildSettings = {
				ALWAYS_SEARCH_USER_PATHS = NO;
				CLANG_CXX_LANGUAGE_STANDARD = "gnu++0x";
				CLANG_CXX_LIBRARY = "libc++";
				CLANG_ENABLE_MODULES = YES;
				CLANG_ENABLE_OBJC_ARC = YES;
				CLANG_WARN_BOOL_CONVERSION = YES;
				CLANG_WARN_CONSTANT_CONVERSION = YES;
				CLANG_WARN_DIRECT_OBJC_ISA_USAGE = YES_ERROR;
				CLANG_WARN_EMPTY_BODY = YES;
				CLANG_WARN_ENUM_CONVERSION = YES;
				CLANG_WARN_INT_CONVERSION = YES;
				CLANG_WARN_OBJC_ROOT_CLASS = YES_ERROR;
				CLANG_WARN_UNREACHABLE_CODE = YES;
				CLANG_WARN__DUPLICATE_METHOD_MATCH = YES;
				"CODE_SIGN_IDENTITY[sdk=iphoneos*]" = "iPhone Developer";
				COPY_PHASE_STRIP = NO;
				DEBUG_INFORMATION_FORMAT = "dwarf-with-dsym";
				ENABLE_NS_ASSERTIONS = NO;
				ENABLE_STRICT_OBJC_MSGSEND = YES;
				GCC_C_LANGUAGE_STANDARD = gnu99;
				GCC_NO_COMMON_BLOCKS = YES;
				GCC_WARN_64_TO_32_BIT_CONVERSION = YES;
				GCC_WARN_ABOUT_RETURN_TYPE = YES_ERROR;
				GCC_WARN_UNDECLARED_SELECTOR = YES;
				GCC_WARN_UNINITIALIZED_AUTOS = YES_AGGRESSIVE;
				GCC_WARN_UNUSED_FUNCTION = YES;
				GCC_WARN_UNUSED_VARIABLE = YES;
				IPHONEOS_DEPLOYMENT_TARGET = 9.2;
				MTL_ENABLE_DEBUG_INFO = NO;
				SDKROOT = iphoneos;
				VALIDATE_PRODUCT = YES;
			};
			name = Release;
		};
		5C432A371CBA577700A01789 /* Debug */ = {
			isa = XCBuildConfiguration;
			buildSettings = {
				ASSETCATALOG_COMPILER_APPICON_NAME = AppIcon;
				FRAMEWORK_SEARCH_PATHS = (
					"$(inherited)",
					"$(PROJECT_DIR)/Carthage/Build/iOS",
				);
				INFOPLIST_FILE = TryRxSwift/Info.plist;
				LD_RUNPATH_SEARCH_PATHS = "$(inherited) @executable_path/Frameworks";
				PRODUCT_BUNDLE_IDENTIFIER = com.naoto.yamaguchi.TryRxSwift;
				PRODUCT_NAME = "$(TARGET_NAME)";
			};
			name = Debug;
		};
		5C432A381CBA577700A01789 /* Release */ = {
			isa = XCBuildConfiguration;
			buildSettings = {
				ASSETCATALOG_COMPILER_APPICON_NAME = AppIcon;
				FRAMEWORK_SEARCH_PATHS = (
					"$(inherited)",
					"$(PROJECT_DIR)/Carthage/Build/iOS",
				);
				INFOPLIST_FILE = TryRxSwift/Info.plist;
				LD_RUNPATH_SEARCH_PATHS = "$(inherited) @executable_path/Frameworks";
				PRODUCT_BUNDLE_IDENTIFIER = com.naoto.yamaguchi.TryRxSwift;
				PRODUCT_NAME = "$(TARGET_NAME)";
			};
			name = Release;
		};
		5C432A3A1CBA577700A01789 /* Debug */ = {
			isa = XCBuildConfiguration;
			buildSettings = {
				BUNDLE_LOADER = "$(TEST_HOST)";
				INFOPLIST_FILE = TryRxSwiftTests/Info.plist;
				LD_RUNPATH_SEARCH_PATHS = "$(inherited) @executable_path/Frameworks @loader_path/Frameworks";
				PRODUCT_BUNDLE_IDENTIFIER = com.naoto.yamaguchi.TryRxSwiftTests;
				PRODUCT_NAME = "$(TARGET_NAME)";
				TEST_HOST = "$(BUILT_PRODUCTS_DIR)/TryRxSwift.app/TryRxSwift";
			};
			name = Debug;
		};
		5C432A3B1CBA577700A01789 /* Release */ = {
			isa = XCBuildConfiguration;
			buildSettings = {
				BUNDLE_LOADER = "$(TEST_HOST)";
				INFOPLIST_FILE = TryRxSwiftTests/Info.plist;
				LD_RUNPATH_SEARCH_PATHS = "$(inherited) @executable_path/Frameworks @loader_path/Frameworks";
				PRODUCT_BUNDLE_IDENTIFIER = com.naoto.yamaguchi.TryRxSwiftTests;
				PRODUCT_NAME = "$(TARGET_NAME)";
				TEST_HOST = "$(BUILT_PRODUCTS_DIR)/TryRxSwift.app/TryRxSwift";
			};
			name = Release;
		};
		5C432A3D1CBA577700A01789 /* Debug */ = {
			isa = XCBuildConfiguration;
			buildSettings = {
				INFOPLIST_FILE = TryRxSwiftUITests/Info.plist;
				LD_RUNPATH_SEARCH_PATHS = "$(inherited) @executable_path/Frameworks @loader_path/Frameworks";
				PRODUCT_BUNDLE_IDENTIFIER = com.naoto.yamaguchi.TryRxSwiftUITests;
				PRODUCT_NAME = "$(TARGET_NAME)";
				TEST_TARGET_NAME = TryRxSwift;
				USES_XCTRUNNER = YES;
			};
			name = Debug;
		};
		5C432A3E1CBA577700A01789 /* Release */ = {
			isa = XCBuildConfiguration;
			buildSettings = {
				INFOPLIST_FILE = TryRxSwiftUITests/Info.plist;
				LD_RUNPATH_SEARCH_PATHS = "$(inherited) @executable_path/Frameworks @loader_path/Frameworks";
				PRODUCT_BUNDLE_IDENTIFIER = com.naoto.yamaguchi.TryRxSwiftUITests;
				PRODUCT_NAME = "$(TARGET_NAME)";
				TEST_TARGET_NAME = TryRxSwift;
				USES_XCTRUNNER = YES;
			};
			name = Release;
		};
/* End XCBuildConfiguration section */

/* Begin XCConfigurationList section */
		5C432A091CBA577700A01789 /* Build configuration list for PBXProject "TryRxSwift" */ = {
			isa = XCConfigurationList;
			buildConfigurations = (
				5C432A341CBA577700A01789 /* Debug */,
				5C432A351CBA577700A01789 /* Release */,
			);
			defaultConfigurationIsVisible = 0;
			defaultConfigurationName = Release;
		};
		5C432A361CBA577700A01789 /* Build configuration list for PBXNativeTarget "TryRxSwift" */ = {
			isa = XCConfigurationList;
			buildConfigurations = (
				5C432A371CBA577700A01789 /* Debug */,
				5C432A381CBA577700A01789 /* Release */,
			);
			defaultConfigurationIsVisible = 0;
			defaultConfigurationName = Release;
		};
		5C432A391CBA577700A01789 /* Build configuration list for PBXNativeTarget "TryRxSwiftTests" */ = {
			isa = XCConfigurationList;
			buildConfigurations = (
				5C432A3A1CBA577700A01789 /* Debug */,
				5C432A3B1CBA577700A01789 /* Release */,
			);
			defaultConfigurationIsVisible = 0;
			defaultConfigurationName = Release;
		};
		5C432A3C1CBA577700A01789 /* Build configuration list for PBXNativeTarget "TryRxSwiftUITests" */ = {
			isa = XCConfigurationList;
			buildConfigurations = (
				5C432A3D1CBA577700A01789 /* Debug */,
				5C432A3E1CBA577700A01789 /* Release */,
			);
			defaultConfigurationIsVisible = 0;
			defaultConfigurationName = Release;
		};
/* End XCConfigurationList section */
	};
	rootObject = 5C432A061CBA577700A01789 /* Project object */;
}
