// !$*UTF8*$!
{
	archiveVersion = 1;
	classes = {
	};
	objectVersion = 46;
	objects = {

/* Begin PBXBuildFile section */
		5C2E48D41CBD1EA9001D128F /* AppDelegate.swift in Sources */ = {isa = PBXBuildFile; fileRef = 5C2E48D31CBD1EA9001D128F /* AppDelegate.swift */; };
		5C2E48D61CBD1EA9001D128F /* ViewController.swift in Sources */ = {isa = PBXBuildFile; fileRef = 5C2E48D51CBD1EA9001D128F /* ViewController.swift */; };
		5C2E48D91CBD1EA9001D128F /* Main.storyboard in Resources */ = {isa = PBXBuildFile; fileRef = 5C2E48D71CBD1EA9001D128F /* Main.storyboard */; };
		5C2E48DB1CBD1EA9001D128F /* Assets.xcassets in Resources */ = {isa = PBXBuildFile; fileRef = 5C2E48DA1CBD1EA9001D128F /* Assets.xcassets */; };
		5C2E48DE1CBD1EA9001D128F /* LaunchScreen.storyboard in Resources */ = {isa = PBXBuildFile; fileRef = 5C2E48DC1CBD1EA9001D128F /* LaunchScreen.storyboard */; };
		5C2E48E91CBD1EA9001D128F /* TryRxSwiftTests.swift in Sources */ = {isa = PBXBuildFile; fileRef = 5C2E48E81CBD1EA9001D128F /* TryRxSwiftTests.swift */; };
		5C2E48F41CBD1EA9001D128F /* TryRxSwiftUITests.swift in Sources */ = {isa = PBXBuildFile; fileRef = 5C2E48F31CBD1EA9001D128F /* TryRxSwiftUITests.swift */; };
		5C2E49261CBD2D3B001D128F /* Alamofire.framework in Frameworks */ = {isa = PBXBuildFile; fileRef = 5C2E49211CBD2D3B001D128F /* Alamofire.framework */; };
		5C2E49271CBD2D3B001D128F /* Alamofire.framework in Embed Frameworks */ = {isa = PBXBuildFile; fileRef = 5C2E49211CBD2D3B001D128F /* Alamofire.framework */; settings = {ATTRIBUTES = (CodeSignOnCopy, RemoveHeadersOnCopy, ); }; };
		5C2E49281CBD2D3B001D128F /* RxBlocking.framework in Frameworks */ = {isa = PBXBuildFile; fileRef = 5C2E49221CBD2D3B001D128F /* RxBlocking.framework */; };
		5C2E49291CBD2D3B001D128F /* RxBlocking.framework in Embed Frameworks */ = {isa = PBXBuildFile; fileRef = 5C2E49221CBD2D3B001D128F /* RxBlocking.framework */; settings = {ATTRIBUTES = (CodeSignOnCopy, RemoveHeadersOnCopy, ); }; };
		5C2E492A1CBD2D3B001D128F /* RxCocoa.framework in Frameworks */ = {isa = PBXBuildFile; fileRef = 5C2E49231CBD2D3B001D128F /* RxCocoa.framework */; };
		5C2E492B1CBD2D3B001D128F /* RxCocoa.framework in Embed Frameworks */ = {isa = PBXBuildFile; fileRef = 5C2E49231CBD2D3B001D128F /* RxCocoa.framework */; settings = {ATTRIBUTES = (CodeSignOnCopy, RemoveHeadersOnCopy, ); }; };
		5C2E492C1CBD2D3B001D128F /* RxSwift.framework in Frameworks */ = {isa = PBXBuildFile; fileRef = 5C2E49241CBD2D3B001D128F /* RxSwift.framework */; };
		5C2E492D1CBD2D3B001D128F /* RxSwift.framework in Embed Frameworks */ = {isa = PBXBuildFile; fileRef = 5C2E49241CBD2D3B001D128F /* RxSwift.framework */; settings = {ATTRIBUTES = (CodeSignOnCopy, RemoveHeadersOnCopy, ); }; };
		5C2E492E1CBD2D3B001D128F /* WebImage.framework in Frameworks */ = {isa = PBXBuildFile; fileRef = 5C2E49251CBD2D3B001D128F /* WebImage.framework */; };
		5C2E492F1CBD2D3B001D128F /* WebImage.framework in Embed Frameworks */ = {isa = PBXBuildFile; fileRef = 5C2E49251CBD2D3B001D128F /* WebImage.framework */; settings = {ATTRIBUTES = (CodeSignOnCopy, RemoveHeadersOnCopy, ); }; };
		5C2E49361CBD2EAF001D128F /* API.swift in Sources */ = {isa = PBXBuildFile; fileRef = 5C2E49331CBD2EAF001D128F /* API.swift */; };
		5C2E49371CBD2EAF001D128F /* APIConstants.swift in Sources */ = {isa = PBXBuildFile; fileRef = 5C2E49341CBD2EAF001D128F /* APIConstants.swift */; };
		5C2E49381CBD2EAF001D128F /* APIRouter.swift in Sources */ = {isa = PBXBuildFile; fileRef = 5C2E49351CBD2EAF001D128F /* APIRouter.swift */; };
		5C2E493A1CBD2EBD001D128F /* AllItemRequest.swift in Sources */ = {isa = PBXBuildFile; fileRef = 5C2E49391CBD2EBD001D128F /* AllItemRequest.swift */; };
		5C2E493C1CBD2ECB001D128F /* Item.swift in Sources */ = {isa = PBXBuildFile; fileRef = 5C2E493B1CBD2ECB001D128F /* Item.swift */; };
		5C2E493E1CBD2EEF001D128F /* User.swift in Sources */ = {isa = PBXBuildFile; fileRef = 5C2E493D1CBD2EEF001D128F /* User.swift */; };
		5C2E49401CBD2F0E001D128F /* AllItemViewController.swift in Sources */ = {isa = PBXBuildFile; fileRef = 5C2E493F1CBD2F0E001D128F /* AllItemViewController.swift */; };
		5C2E49431CBD2F29001D128F /* AllItemViewDataSource.swift in Sources */ = {isa = PBXBuildFile; fileRef = 5C2E49411CBD2F29001D128F /* AllItemViewDataSource.swift */; };
		5C2E49441CBD2F29001D128F /* AllItemViewDelegate.swift in Sources */ = {isa = PBXBuildFile; fileRef = 5C2E49421CBD2F29001D128F /* AllItemViewDelegate.swift */; };
		5C2E49461CBD2F3D001D128F /* AllItemViewModel.swift in Sources */ = {isa = PBXBuildFile; fileRef = 5C2E49451CBD2F3D001D128F /* AllItemViewModel.swift */; };
		5C2E49481CBD2F46001D128F /* ItemCellModel.swift in Sources */ = {isa = PBXBuildFile; fileRef = 5C2E49471CBD2F46001D128F /* ItemCellModel.swift */; };
		5C2E494B1CBD2F52001D128F /* ItemCell.swift in Sources */ = {isa = PBXBuildFile; fileRef = 5C2E49491CBD2F52001D128F /* ItemCell.swift */; };
		5C2E494C1CBD2F52001D128F /* ItemCell.xib in Resources */ = {isa = PBXBuildFile; fileRef = 5C2E494A1CBD2F52001D128F /* ItemCell.xib */; };
		5C2E494E1CBD2F72001D128F /* UITableView+Extension.swift in Sources */ = {isa = PBXBuildFile; fileRef = 5C2E494D1CBD2F72001D128F /* UITableView+Extension.swift */; };
		5C2E49501CBD2F79001D128F /* UIScrollView+Extension.swift in Sources */ = {isa = PBXBuildFile; fileRef = 5C2E494F1CBD2F79001D128F /* UIScrollView+Extension.swift */; };
		5C2E49521CBD2F83001D128F /* UIActivityIndicatorView+Extension.swift in Sources */ = {isa = PBXBuildFile; fileRef = 5C2E49511CBD2F83001D128F /* UIActivityIndicatorView+Extension.swift */; };
		5C2E49541CBD2F91001D128F /* UITableViewController+Extension.swift in Sources */ = {isa = PBXBuildFile; fileRef = 5C2E49531CBD2F91001D128F /* UITableViewController+Extension.swift */; };
		5C2E49561CBD31D2001D128F /* SafariServices.framework in Frameworks */ = {isa = PBXBuildFile; fileRef = 5C2E49551CBD31D2001D128F /* SafariServices.framework */; };
/* End PBXBuildFile section */

/* Begin PBXContainerItemProxy section */
		5C2E48E51CBD1EA9001D128F /* PBXContainerItemProxy */ = {
			isa = PBXContainerItemProxy;
			containerPortal = 5C2E48C81CBD1EA9001D128F /* Project object */;
			proxyType = 1;
			remoteGlobalIDString = 5C2E48CF1CBD1EA9001D128F;
			remoteInfo = TryRxSwift;
		};
		5C2E48F01CBD1EA9001D128F /* PBXContainerItemProxy */ = {
			isa = PBXContainerItemProxy;
			containerPortal = 5C2E48C81CBD1EA9001D128F /* Project object */;
			proxyType = 1;
			remoteGlobalIDString = 5C2E48CF1CBD1EA9001D128F;
			remoteInfo = TryRxSwift;
		};
/* End PBXContainerItemProxy section */

/* Begin PBXCopyFilesBuildPhase section */
		5C2E49301CBD2D3B001D128F /* Embed Frameworks */ = {
			isa = PBXCopyFilesBuildPhase;
			buildActionMask = 2147483647;
			dstPath = "";
			dstSubfolderSpec = 10;
			files = (
				5C2E492D1CBD2D3B001D128F /* RxSwift.framework in Embed Frameworks */,
				5C2E492F1CBD2D3B001D128F /* WebImage.framework in Embed Frameworks */,
				5C2E492B1CBD2D3B001D128F /* RxCocoa.framework in Embed Frameworks */,
				5C2E49271CBD2D3B001D128F /* Alamofire.framework in Embed Frameworks */,
				5C2E49291CBD2D3B001D128F /* RxBlocking.framework in Embed Frameworks */,
			);
			name = "Embed Frameworks";
			runOnlyForDeploymentPostprocessing = 0;
		};
/* End PBXCopyFilesBuildPhase section */

/* Begin PBXFileReference section */
		5C2E48D01CBD1EA9001D128F /* TryRxSwift.app */ = {isa = PBXFileReference; explicitFileType = wrapper.application; includeInIndex = 0; path = TryRxSwift.app; sourceTree = BUILT_PRODUCTS_DIR; };
		5C2E48D31CBD1EA9001D128F /* AppDelegate.swift */ = {isa = PBXFileReference; lastKnownFileType = sourcecode.swift; path = AppDelegate.swift; sourceTree = "<group>"; };
		5C2E48D51CBD1EA9001D128F /* ViewController.swift */ = {isa = PBXFileReference; lastKnownFileType = sourcecode.swift; path = ViewController.swift; sourceTree = "<group>"; };
		5C2E48D81CBD1EA9001D128F /* Base */ = {isa = PBXFileReference; lastKnownFileType = file.storyboard; name = Base; path = Base.lproj/Main.storyboard; sourceTree = "<group>"; };
		5C2E48DA1CBD1EA9001D128F /* Assets.xcassets */ = {isa = PBXFileReference; lastKnownFileType = folder.assetcatalog; path = Assets.xcassets; sourceTree = "<group>"; };
		5C2E48DD1CBD1EA9001D128F /* Base */ = {isa = PBXFileReference; lastKnownFileType = file.storyboard; name = Base; path = Base.lproj/LaunchScreen.storyboard; sourceTree = "<group>"; };
		5C2E48DF1CBD1EA9001D128F /* Info.plist */ = {isa = PBXFileReference; lastKnownFileType = text.plist.xml; path = Info.plist; sourceTree = "<group>"; };
		5C2E48E41CBD1EA9001D128F /* TryRxSwiftTests.xctest */ = {isa = PBXFileReference; explicitFileType = wrapper.cfbundle; includeInIndex = 0; path = TryRxSwiftTests.xctest; sourceTree = BUILT_PRODUCTS_DIR; };
		5C2E48E81CBD1EA9001D128F /* TryRxSwiftTests.swift */ = {isa = PBXFileReference; lastKnownFileType = sourcecode.swift; path = TryRxSwiftTests.swift; sourceTree = "<group>"; };
		5C2E48EA1CBD1EA9001D128F /* Info.plist */ = {isa = PBXFileReference; lastKnownFileType = text.plist.xml; path = Info.plist; sourceTree = "<group>"; };
		5C2E48EF1CBD1EA9001D128F /* TryRxSwiftUITests.xctest */ = {isa = PBXFileReference; explicitFileType = wrapper.cfbundle; includeInIndex = 0; path = TryRxSwiftUITests.xctest; sourceTree = BUILT_PRODUCTS_DIR; };
		5C2E48F31CBD1EA9001D128F /* TryRxSwiftUITests.swift */ = {isa = PBXFileReference; lastKnownFileType = sourcecode.swift; path = TryRxSwiftUITests.swift; sourceTree = "<group>"; };
		5C2E48F51CBD1EA9001D128F /* Info.plist */ = {isa = PBXFileReference; lastKnownFileType = text.plist.xml; path = Info.plist; sourceTree = "<group>"; };
		5C2E49211CBD2D3B001D128F /* Alamofire.framework */ = {isa = PBXFileReference; lastKnownFileType = wrapper.framework; name = Alamofire.framework; path = ../Carthage/Build/iOS/Alamofire.framework; sourceTree = "<group>"; };
		5C2E49221CBD2D3B001D128F /* RxBlocking.framework */ = {isa = PBXFileReference; lastKnownFileType = wrapper.framework; name = RxBlocking.framework; path = ../Carthage/Build/iOS/RxBlocking.framework; sourceTree = "<group>"; };
		5C2E49231CBD2D3B001D128F /* RxCocoa.framework */ = {isa = PBXFileReference; lastKnownFileType = wrapper.framework; name = RxCocoa.framework; path = ../Carthage/Build/iOS/RxCocoa.framework; sourceTree = "<group>"; };
		5C2E49241CBD2D3B001D128F /* RxSwift.framework */ = {isa = PBXFileReference; lastKnownFileType = wrapper.framework; name = RxSwift.framework; path = ../Carthage/Build/iOS/RxSwift.framework; sourceTree = "<group>"; };
		5C2E49251CBD2D3B001D128F /* WebImage.framework */ = {isa = PBXFileReference; lastKnownFileType = wrapper.framework; name = WebImage.framework; path = ../Carthage/Build/iOS/WebImage.framework; sourceTree = "<group>"; };
		5C2E49331CBD2EAF001D128F /* API.swift */ = {isa = PBXFileReference; fileEncoding = 4; lastKnownFileType = sourcecode.swift; path = API.swift; sourceTree = "<group>"; };
		5C2E49341CBD2EAF001D128F /* APIConstants.swift */ = {isa = PBXFileReference; fileEncoding = 4; lastKnownFileType = sourcecode.swift; path = APIConstants.swift; sourceTree = "<group>"; };
		5C2E49351CBD2EAF001D128F /* APIRouter.swift */ = {isa = PBXFileReference; fileEncoding = 4; lastKnownFileType = sourcecode.swift; path = APIRouter.swift; sourceTree = "<group>"; };
		5C2E49391CBD2EBD001D128F /* AllItemRequest.swift */ = {isa = PBXFileReference; fileEncoding = 4; lastKnownFileType = sourcecode.swift; path = AllItemRequest.swift; sourceTree = "<group>"; };
		5C2E493B1CBD2ECB001D128F /* Item.swift */ = {isa = PBXFileReference; fileEncoding = 4; lastKnownFileType = sourcecode.swift; path = Item.swift; sourceTree = "<group>"; };
		5C2E493D1CBD2EEF001D128F /* User.swift */ = {isa = PBXFileReference; fileEncoding = 4; lastKnownFileType = sourcecode.swift; path = User.swift; sourceTree = "<group>"; };
		5C2E493F1CBD2F0E001D128F /* AllItemViewController.swift */ = {isa = PBXFileReference; fileEncoding = 4; lastKnownFileType = sourcecode.swift; path = AllItemViewController.swift; sourceTree = "<group>"; };
		5C2E49411CBD2F29001D128F /* AllItemViewDataSource.swift */ = {isa = PBXFileReference; fileEncoding = 4; lastKnownFileType = sourcecode.swift; path = AllItemViewDataSource.swift; sourceTree = "<group>"; };
		5C2E49421CBD2F29001D128F /* AllItemViewDelegate.swift */ = {isa = PBXFileReference; fileEncoding = 4; lastKnownFileType = sourcecode.swift; path = AllItemViewDelegate.swift; sourceTree = "<group>"; };
		5C2E49451CBD2F3D001D128F /* AllItemViewModel.swift */ = {isa = PBXFileReference; fileEncoding = 4; lastKnownFileType = sourcecode.swift; path = AllItemViewModel.swift; sourceTree = "<group>"; };
		5C2E49471CBD2F46001D128F /* ItemCellModel.swift */ = {isa = PBXFileReference; fileEncoding = 4; lastKnownFileType = sourcecode.swift; path = ItemCellModel.swift; sourceTree = "<group>"; };
		5C2E49491CBD2F52001D128F /* ItemCell.swift */ = {isa = PBXFileReference; fileEncoding = 4; lastKnownFileType = sourcecode.swift; path = ItemCell.swift; sourceTree = "<group>"; };
		5C2E494A1CBD2F52001D128F /* ItemCell.xib */ = {isa = PBXFileReference; fileEncoding = 4; lastKnownFileType = file.xib; path = ItemCell.xib; sourceTree = "<group>"; };
		5C2E494D1CBD2F72001D128F /* UITableView+Extension.swift */ = {isa = PBXFileReference; fileEncoding = 4; lastKnownFileType = sourcecode.swift; path = "UITableView+Extension.swift"; sourceTree = "<group>"; };
		5C2E494F1CBD2F79001D128F /* UIScrollView+Extension.swift */ = {isa = PBXFileReference; fileEncoding = 4; lastKnownFileType = sourcecode.swift; path = "UIScrollView+Extension.swift"; sourceTree = "<group>"; };
		5C2E49511CBD2F83001D128F /* UIActivityIndicatorView+Extension.swift */ = {isa = PBXFileReference; fileEncoding = 4; lastKnownFileType = sourcecode.swift; path = "UIActivityIndicatorView+Extension.swift"; sourceTree = "<group>"; };
		5C2E49531CBD2F91001D128F /* UITableViewController+Extension.swift */ = {isa = PBXFileReference; fileEncoding = 4; lastKnownFileType = sourcecode.swift; path = "UITableViewController+Extension.swift"; sourceTree = "<group>"; };
		5C2E49551CBD31D2001D128F /* SafariServices.framework */ = {isa = PBXFileReference; lastKnownFileType = wrapper.framework; name = SafariServices.framework; path = System/Library/Frameworks/SafariServices.framework; sourceTree = SDKROOT; };
/* End PBXFileReference section */

/* Begin PBXFrameworksBuildPhase section */
		5C2E48CD1CBD1EA9001D128F /* Frameworks */ = {
			isa = PBXFrameworksBuildPhase;
			buildActionMask = 2147483647;
			files = (
				5C2E49561CBD31D2001D128F /* SafariServices.framework in Frameworks */,
				5C2E492C1CBD2D3B001D128F /* RxSwift.framework in Frameworks */,
				5C2E492E1CBD2D3B001D128F /* WebImage.framework in Frameworks */,
				5C2E492A1CBD2D3B001D128F /* RxCocoa.framework in Frameworks */,
				5C2E49261CBD2D3B001D128F /* Alamofire.framework in Frameworks */,
				5C2E49281CBD2D3B001D128F /* RxBlocking.framework in Frameworks */,
			);
			runOnlyForDeploymentPostprocessing = 0;
		};
		5C2E48E11CBD1EA9001D128F /* Frameworks */ = {
			isa = PBXFrameworksBuildPhase;
			buildActionMask = 2147483647;
			files = (
			);
			runOnlyForDeploymentPostprocessing = 0;
		};
		5C2E48EC1CBD1EA9001D128F /* Frameworks */ = {
			isa = PBXFrameworksBuildPhase;
			buildActionMask = 2147483647;
			files = (
			);
			runOnlyForDeploymentPostprocessing = 0;
		};
/* End PBXFrameworksBuildPhase section */

/* Begin PBXGroup section */
		5C2E48C71CBD1EA9001D128F = {
			isa = PBXGroup;
			children = (
				5C2E48D21CBD1EA9001D128F /* TryRxSwift */,
				5C2E48E71CBD1EA9001D128F /* TryRxSwiftTests */,
				5C2E48F21CBD1EA9001D128F /* TryRxSwiftUITests */,
				5C2E48D11CBD1EA9001D128F /* Products */,
			);
			sourceTree = "<group>";
		};
		5C2E48D11CBD1EA9001D128F /* Products */ = {
			isa = PBXGroup;
			children = (
				5C2E48D01CBD1EA9001D128F /* TryRxSwift.app */,
				5C2E48E41CBD1EA9001D128F /* TryRxSwiftTests.xctest */,
				5C2E48EF1CBD1EA9001D128F /* TryRxSwiftUITests.xctest */,
			);
			name = Products;
			sourceTree = "<group>";
		};
		5C2E48D21CBD1EA9001D128F /* TryRxSwift */ = {
			isa = PBXGroup;
			children = (
				5C2E49311CBD2D50001D128F /* Frameworks */,
				5C2E48D31CBD1EA9001D128F /* AppDelegate.swift */,
				5C2E48D51CBD1EA9001D128F /* ViewController.swift */,
				5C2E49331CBD2EAF001D128F /* API.swift */,
				5C2E49341CBD2EAF001D128F /* APIConstants.swift */,
				5C2E49351CBD2EAF001D128F /* APIRouter.swift */,
				5C2E49391CBD2EBD001D128F /* AllItemRequest.swift */,
				5C2E493B1CBD2ECB001D128F /* Item.swift */,
				5C2E493D1CBD2EEF001D128F /* User.swift */,
				5C2E493F1CBD2F0E001D128F /* AllItemViewController.swift */,
				5C2E49411CBD2F29001D128F /* AllItemViewDataSource.swift */,
				5C2E49421CBD2F29001D128F /* AllItemViewDelegate.swift */,
				5C2E49451CBD2F3D001D128F /* AllItemViewModel.swift */,
				5C2E49471CBD2F46001D128F /* ItemCellModel.swift */,
				5C2E49491CBD2F52001D128F /* ItemCell.swift */,
				5C2E494A1CBD2F52001D128F /* ItemCell.xib */,
				5C2E494D1CBD2F72001D128F /* UITableView+Extension.swift */,
				5C2E494F1CBD2F79001D128F /* UIScrollView+Extension.swift */,
				5C2E49511CBD2F83001D128F /* UIActivityIndicatorView+Extension.swift */,
				5C2E49531CBD2F91001D128F /* UITableViewController+Extension.swift */,
				5C2E48D71CBD1EA9001D128F /* Main.storyboard */,
				5C2E48DA1CBD1EA9001D128F /* Assets.xcassets */,
				5C2E48DC1CBD1EA9001D128F /* LaunchScreen.storyboard */,
				5C2E48DF1CBD1EA9001D128F /* Info.plist */,
			);
			path = TryRxSwift;
			sourceTree = "<group>";
		};
		5C2E48E71CBD1EA9001D128F /* TryRxSwiftTests */ = {
			isa = PBXGroup;
			children = (
				5C2E48E81CBD1EA9001D128F /* TryRxSwiftTests.swift */,
				5C2E48EA1CBD1EA9001D128F /* Info.plist */,
			);
			path = TryRxSwiftTests;
			sourceTree = "<group>";
		};
		5C2E48F21CBD1EA9001D128F /* TryRxSwiftUITests */ = {
			isa = PBXGroup;
			children = (
				5C2E48F31CBD1EA9001D128F /* TryRxSwiftUITests.swift */,
				5C2E48F51CBD1EA9001D128F /* Info.plist */,
			);
			path = TryRxSwiftUITests;
			sourceTree = "<group>";
		};
		5C2E49311CBD2D50001D128F /* Frameworks */ = {
			isa = PBXGroup;
			children = (
				5C2E49551CBD31D2001D128F /* SafariServices.framework */,
				5C2E49211CBD2D3B001D128F /* Alamofire.framework */,
				5C2E49221CBD2D3B001D128F /* RxBlocking.framework */,
				5C2E49231CBD2D3B001D128F /* RxCocoa.framework */,
				5C2E49241CBD2D3B001D128F /* RxSwift.framework */,
				5C2E49251CBD2D3B001D128F /* WebImage.framework */,
			);
			name = Frameworks;
			sourceTree = "<group>";
		};
/* End PBXGroup section */

/* Begin PBXNativeTarget section */
		5C2E48CF1CBD1EA9001D128F /* TryRxSwift */ = {
			isa = PBXNativeTarget;
			buildConfigurationList = 5C2E48F81CBD1EA9001D128F /* Build configuration list for PBXNativeTarget "TryRxSwift" */;
			buildPhases = (
				5C2E48CC1CBD1EA9001D128F /* Sources */,
				5C2E48CD1CBD1EA9001D128F /* Frameworks */,
				5C2E48CE1CBD1EA9001D128F /* Resources */,
				5C2E49301CBD2D3B001D128F /* Embed Frameworks */,
				5C2E49321CBD2D9F001D128F /* ShellScript */,
			);
			buildRules = (
			);
			dependencies = (
			);
			name = TryRxSwift;
			productName = TryRxSwift;
			productReference = 5C2E48D01CBD1EA9001D128F /* TryRxSwift.app */;
			productType = "com.apple.product-type.application";
		};
		5C2E48E31CBD1EA9001D128F /* TryRxSwiftTests */ = {
			isa = PBXNativeTarget;
			buildConfigurationList = 5C2E48FB1CBD1EA9001D128F /* Build configuration list for PBXNativeTarget "TryRxSwiftTests" */;
			buildPhases = (
				5C2E48E01CBD1EA9001D128F /* Sources */,
				5C2E48E11CBD1EA9001D128F /* Frameworks */,
				5C2E48E21CBD1EA9001D128F /* Resources */,
			);
			buildRules = (
			);
			dependencies = (
				5C2E48E61CBD1EA9001D128F /* PBXTargetDependency */,
			);
			name = TryRxSwiftTests;
			productName = TryRxSwiftTests;
			productReference = 5C2E48E41CBD1EA9001D128F /* TryRxSwiftTests.xctest */;
			productType = "com.apple.product-type.bundle.unit-test";
		};
		5C2E48EE1CBD1EA9001D128F /* TryRxSwiftUITests */ = {
			isa = PBXNativeTarget;
			buildConfigurationList = 5C2E48FE1CBD1EA9001D128F /* Build configuration list for PBXNativeTarget "TryRxSwiftUITests" */;
			buildPhases = (
				5C2E48EB1CBD1EA9001D128F /* Sources */,
				5C2E48EC1CBD1EA9001D128F /* Frameworks */,
				5C2E48ED1CBD1EA9001D128F /* Resources */,
			);
			buildRules = (
			);
			dependencies = (
				5C2E48F11CBD1EA9001D128F /* PBXTargetDependency */,
			);
			name = TryRxSwiftUITests;
			productName = TryRxSwiftUITests;
			productReference = 5C2E48EF1CBD1EA9001D128F /* TryRxSwiftUITests.xctest */;
			productType = "com.apple.product-type.bundle.ui-testing";
		};
/* End PBXNativeTarget section */

/* Begin PBXProject section */
		5C2E48C81CBD1EA9001D128F /* Project object */ = {
			isa = PBXProject;
			attributes = {
				LastSwiftUpdateCheck = 0730;
				LastUpgradeCheck = 0730;
				ORGANIZATIONNAME = "naoto yamaguchi";
				TargetAttributes = {
					5C2E48CF1CBD1EA9001D128F = {
						CreatedOnToolsVersion = 7.3;
					};
					5C2E48E31CBD1EA9001D128F = {
						CreatedOnToolsVersion = 7.3;
						TestTargetID = 5C2E48CF1CBD1EA9001D128F;
					};
					5C2E48EE1CBD1EA9001D128F = {
						CreatedOnToolsVersion = 7.3;
						TestTargetID = 5C2E48CF1CBD1EA9001D128F;
					};
				};
			};
			buildConfigurationList = 5C2E48CB1CBD1EA9001D128F /* Build configuration list for PBXProject "TryRxSwift" */;
			compatibilityVersion = "Xcode 3.2";
			developmentRegion = English;
			hasScannedForEncodings = 0;
			knownRegions = (
				en,
				Base,
			);
			mainGroup = 5C2E48C71CBD1EA9001D128F;
			productRefGroup = 5C2E48D11CBD1EA9001D128F /* Products */;
			projectDirPath = "";
			projectRoot = "";
			targets = (
				5C2E48CF1CBD1EA9001D128F /* TryRxSwift */,
				5C2E48E31CBD1EA9001D128F /* TryRxSwiftTests */,
				5C2E48EE1CBD1EA9001D128F /* TryRxSwiftUITests */,
			);
		};
/* End PBXProject section */

/* Begin PBXResourcesBuildPhase section */
		5C2E48CE1CBD1EA9001D128F /* Resources */ = {
			isa = PBXResourcesBuildPhase;
			buildActionMask = 2147483647;
			files = (
				5C2E494C1CBD2F52001D128F /* ItemCell.xib in Resources */,
				5C2E48DE1CBD1EA9001D128F /* LaunchScreen.storyboard in Resources */,
				5C2E48DB1CBD1EA9001D128F /* Assets.xcassets in Resources */,
				5C2E48D91CBD1EA9001D128F /* Main.storyboard in Resources */,
			);
			runOnlyForDeploymentPostprocessing = 0;
		};
		5C2E48E21CBD1EA9001D128F /* Resources */ = {
			isa = PBXResourcesBuildPhase;
			buildActionMask = 2147483647;
			files = (
			);
			runOnlyForDeploymentPostprocessing = 0;
		};
		5C2E48ED1CBD1EA9001D128F /* Resources */ = {
			isa = PBXResourcesBuildPhase;
			buildActionMask = 2147483647;
			files = (
			);
			runOnlyForDeploymentPostprocessing = 0;
		};
/* End PBXResourcesBuildPhase section */

/* Begin PBXShellScriptBuildPhase section */
		5C2E49321CBD2D9F001D128F /* ShellScript */ = {
			isa = PBXShellScriptBuildPhase;
			buildActionMask = 2147483647;
			files = (
			);
			inputPaths = (
				"$(SRCROOT)/Carthage/Build/iOS/Alamofire.framework",
				"$(SRCROOT)/Carthage/Build/iOS/RxSwift.framework",
				"$(SRCROOT)/Carthage/Build/iOS/RxCocoa.framework",
				"$(SRCROOT)/Carthage/Build/iOS/RxBlocking.framework",
				"$(SRCROOT)/Carthage/Build/iOS/WebImage.framework",
			);
			outputPaths = (
			);
			runOnlyForDeploymentPostprocessing = 0;
			shellPath = /bin/sh;
			shellScript = "/usr/local/bin/carthage copy-frameworks";
		};
/* End PBXShellScriptBuildPhase section */

/* Begin PBXSourcesBuildPhase section */
		5C2E48CC1CBD1EA9001D128F /* Sources */ = {
			isa = PBXSourcesBuildPhase;
			buildActionMask = 2147483647;
			files = (
				5C2E49371CBD2EAF001D128F /* APIConstants.swift in Sources */,
				5C2E49381CBD2EAF001D128F /* APIRouter.swift in Sources */,
				5C2E494E1CBD2F72001D128F /* UITableView+Extension.swift in Sources */,
				5C2E493A1CBD2EBD001D128F /* AllItemRequest.swift in Sources */,
				5C2E48D61CBD1EA9001D128F /* ViewController.swift in Sources */,
				5C2E494B1CBD2F52001D128F /* ItemCell.swift in Sources */,
				5C2E493E1CBD2EEF001D128F /* User.swift in Sources */,
				5C2E49541CBD2F91001D128F /* UITableViewController+Extension.swift in Sources */,
				5C2E49501CBD2F79001D128F /* UIScrollView+Extension.swift in Sources */,
				5C2E49481CBD2F46001D128F /* ItemCellModel.swift in Sources */,
				5C2E493C1CBD2ECB001D128F /* Item.swift in Sources */,
				5C2E49521CBD2F83001D128F /* UIActivityIndicatorView+Extension.swift in Sources */,
				5C2E49431CBD2F29001D128F /* AllItemViewDataSource.swift in Sources */,
				5C2E49361CBD2EAF001D128F /* API.swift in Sources */,
				5C2E49401CBD2F0E001D128F /* AllItemViewController.swift in Sources */,
				5C2E49461CBD2F3D001D128F /* AllItemViewModel.swift in Sources */,
				5C2E49441CBD2F29001D128F /* AllItemViewDelegate.swift in Sources */,
				5C2E48D41CBD1EA9001D128F /* AppDelegate.swift in Sources */,
			);
			runOnlyForDeploymentPostprocessing = 0;
		};
		5C2E48E01CBD1EA9001D128F /* Sources */ = {
			isa = PBXSourcesBuildPhase;
			buildActionMask = 2147483647;
			files = (
				5C2E48E91CBD1EA9001D128F /* TryRxSwiftTests.swift in Sources */,
			);
			runOnlyForDeploymentPostprocessing = 0;
		};
		5C2E48EB1CBD1EA9001D128F /* Sources */ = {
			isa = PBXSourcesBuildPhase;
			buildActionMask = 2147483647;
			files = (
				5C2E48F41CBD1EA9001D128F /* TryRxSwiftUITests.swift in Sources */,
			);
			runOnlyForDeploymentPostprocessing = 0;
		};
/* End PBXSourcesBuildPhase section */

/* Begin PBXTargetDependency section */
		5C2E48E61CBD1EA9001D128F /* PBXTargetDependency */ = {
			isa = PBXTargetDependency;
			target = 5C2E48CF1CBD1EA9001D128F /* TryRxSwift */;
			targetProxy = 5C2E48E51CBD1EA9001D128F /* PBXContainerItemProxy */;
		};
		5C2E48F11CBD1EA9001D128F /* PBXTargetDependency */ = {
			isa = PBXTargetDependency;
			target = 5C2E48CF1CBD1EA9001D128F /* TryRxSwift */;
			targetProxy = 5C2E48F01CBD1EA9001D128F /* PBXContainerItemProxy */;
		};
/* End PBXTargetDependency section */

/* Begin PBXVariantGroup section */
		5C2E48D71CBD1EA9001D128F /* Main.storyboard */ = {
			isa = PBXVariantGroup;
			children = (
				5C2E48D81CBD1EA9001D128F /* Base */,
			);
			name = Main.storyboard;
			sourceTree = "<group>";
		};
		5C2E48DC1CBD1EA9001D128F /* LaunchScreen.storyboard */ = {
			isa = PBXVariantGroup;
			children = (
				5C2E48DD1CBD1EA9001D128F /* Base */,
			);
			name = LaunchScreen.storyboard;
			sourceTree = "<group>";
		};
/* End PBXVariantGroup section */

/* Begin XCBuildConfiguration section */
		5C2E48F61CBD1EA9001D128F /* Debug */ = {
			isa = XCBuildConfiguration;
			buildSettings = {
				ALWAYS_SEARCH_USER_PATHS = NO;
				CLANG_ANALYZER_NONNULL = YES;
				CLANG_CXX_LANGUAGE_STANDARD = "gnu++0x";
				CLANG_CXX_LIBRARY = "libc++";
				CLANG_ENABLE_MODULES = YES;
				CLANG_ENABLE_OBJC_ARC = YES;
				CLANG_WARN_BOOL_CONVERSION = YES;
				CLANG_WARN_CONSTANT_CONVERSION = YES;
				CLANG_WARN_DIRECT_OBJC_ISA_USAGE = YES_ERROR;
				CLANG_WARN_EMPTY_BODY = YES;
				CLANG_WARN_ENUM_CONVERSION = YES;
				CLANG_WARN_INT_CONVERSION = YES;
				CLANG_WARN_OBJC_ROOT_CLASS = YES_ERROR;
				CLANG_WARN_UNREACHABLE_CODE = YES;
				CLANG_WARN__DUPLICATE_METHOD_MATCH = YES;
				"CODE_SIGN_IDENTITY[sdk=iphoneos*]" = "iPhone Developer";
				COPY_PHASE_STRIP = NO;
				DEBUG_INFORMATION_FORMAT = dwarf;
				ENABLE_STRICT_OBJC_MSGSEND = YES;
				ENABLE_TESTABILITY = YES;
				GCC_C_LANGUAGE_STANDARD = gnu99;
				GCC_DYNAMIC_NO_PIC = NO;
				GCC_NO_COMMON_BLOCKS = YES;
				GCC_OPTIMIZATION_LEVEL = 0;
				GCC_PREPROCESSOR_DEFINITIONS = (
					"DEBUG=1",
					"$(inherited)",
				);
				GCC_WARN_64_TO_32_BIT_CONVERSION = YES;
				GCC_WARN_ABOUT_RETURN_TYPE = YES_ERROR;
				GCC_WARN_UNDECLARED_SELECTOR = YES;
				GCC_WARN_UNINITIALIZED_AUTOS = YES_AGGRESSIVE;
				GCC_WARN_UNUSED_FUNCTION = YES;
				GCC_WARN_UNUSED_VARIABLE = YES;
				IPHONEOS_DEPLOYMENT_TARGET = 9.3;
				MTL_ENABLE_DEBUG_INFO = YES;
				ONLY_ACTIVE_ARCH = YES;
				SDKROOT = iphoneos;
				SWIFT_OPTIMIZATION_LEVEL = "-Onone";
			};
			name = Debug;
		};
		5C2E48F71CBD1EA9001D128F /* Release */ = {
			isa = XCBuildConfiguration;
			buildSettings = {
				ALWAYS_SEARCH_USER_PATHS = NO;
				CLANG_ANALYZER_NONNULL = YES;
				CLANG_CXX_LANGUAGE_STANDARD = "gnu++0x";
				CLANG_CXX_LIBRARY = "libc++";
				CLANG_ENABLE_MODULES = YES;
				CLANG_ENABLE_OBJC_ARC = YES;
				CLANG_WARN_BOOL_CONVERSION = YES;
				CLANG_WARN_CONSTANT_CONVERSION = YES;
				CLANG_WARN_DIRECT_OBJC_ISA_USAGE = YES_ERROR;
				CLANG_WARN_EMPTY_BODY = YES;
				CLANG_WARN_ENUM_CONVERSION = YES;
				CLANG_WARN_INT_CONVERSION = YES;
				CLANG_WARN_OBJC_ROOT_CLASS = YES_ERROR;
				CLANG_WARN_UNREACHABLE_CODE = YES;
				CLANG_WARN__DUPLICATE_METHOD_MATCH = YES;
				"CODE_SIGN_IDENTITY[sdk=iphoneos*]" = "iPhone Developer";
				COPY_PHASE_STRIP = NO;
				DEBUG_INFORMATION_FORMAT = "dwarf-with-dsym";
				ENABLE_NS_ASSERTIONS = NO;
				ENABLE_STRICT_OBJC_MSGSEND = YES;
				GCC_C_LANGUAGE_STANDARD = gnu99;
				GCC_NO_COMMON_BLOCKS = YES;
				GCC_WARN_64_TO_32_BIT_CONVERSION = YES;
				GCC_WARN_ABOUT_RETURN_TYPE = YES_ERROR;
				GCC_WARN_UNDECLARED_SELECTOR = YES;
				GCC_WARN_UNINITIALIZED_AUTOS = YES_AGGRESSIVE;
				GCC_WARN_UNUSED_FUNCTION = YES;
				GCC_WARN_UNUSED_VARIABLE = YES;
				IPHONEOS_DEPLOYMENT_TARGET = 9.3;
				MTL_ENABLE_DEBUG_INFO = NO;
				SDKROOT = iphoneos;
				VALIDATE_PRODUCT = YES;
			};
			name = Release;
		};
		5C2E48F91CBD1EA9001D128F /* Debug */ = {
			isa = XCBuildConfiguration;
			buildSettings = {
				ASSETCATALOG_COMPILER_APPICON_NAME = AppIcon;
				FRAMEWORK_SEARCH_PATHS = (
					"$(inherited)",
					"$(PROJECT_DIR)/Carthage/Build/iOS",
				);
				INFOPLIST_FILE = TryRxSwift/Info.plist;
				LD_RUNPATH_SEARCH_PATHS = "$(inherited) @executable_path/Frameworks";
				PRODUCT_BUNDLE_IDENTIFIER = com.naoto.yamaguchi.TryRxSwift;
				PRODUCT_NAME = "$(TARGET_NAME)";
			};
			name = Debug;
		};
		5C2E48FA1CBD1EA9001D128F /* Release */ = {
			isa = XCBuildConfiguration;
			buildSettings = {
				ASSETCATALOG_COMPILER_APPICON_NAME = AppIcon;
				FRAMEWORK_SEARCH_PATHS = (
					"$(inherited)",
					"$(PROJECT_DIR)/Carthage/Build/iOS",
				);
				INFOPLIST_FILE = TryRxSwift/Info.plist;
				LD_RUNPATH_SEARCH_PATHS = "$(inherited) @executable_path/Frameworks";
				PRODUCT_BUNDLE_IDENTIFIER = com.naoto.yamaguchi.TryRxSwift;
				PRODUCT_NAME = "$(TARGET_NAME)";
			};
			name = Release;
		};
		5C2E48FC1CBD1EA9001D128F /* Debug */ = {
			isa = XCBuildConfiguration;
			buildSettings = {
				BUNDLE_LOADER = "$(TEST_HOST)";
				INFOPLIST_FILE = TryRxSwiftTests/Info.plist;
				LD_RUNPATH_SEARCH_PATHS = "$(inherited) @executable_path/Frameworks @loader_path/Frameworks";
				PRODUCT_BUNDLE_IDENTIFIER = com.naoto.yamaguchi.TryRxSwiftTests;
				PRODUCT_NAME = "$(TARGET_NAME)";
				TEST_HOST = "$(BUILT_PRODUCTS_DIR)/TryRxSwift.app/TryRxSwift";
			};
			name = Debug;
		};
		5C2E48FD1CBD1EA9001D128F /* Release */ = {
			isa = XCBuildConfiguration;
			buildSettings = {
				BUNDLE_LOADER = "$(TEST_HOST)";
				INFOPLIST_FILE = TryRxSwiftTests/Info.plist;
				LD_RUNPATH_SEARCH_PATHS = "$(inherited) @executable_path/Frameworks @loader_path/Frameworks";
				PRODUCT_BUNDLE_IDENTIFIER = com.naoto.yamaguchi.TryRxSwiftTests;
				PRODUCT_NAME = "$(TARGET_NAME)";
				TEST_HOST = "$(BUILT_PRODUCTS_DIR)/TryRxSwift.app/TryRxSwift";
			};
			name = Release;
		};
		5C2E48FF1CBD1EA9001D128F /* Debug */ = {
			isa = XCBuildConfiguration;
			buildSettings = {
				INFOPLIST_FILE = TryRxSwiftUITests/Info.plist;
				LD_RUNPATH_SEARCH_PATHS = "$(inherited) @executable_path/Frameworks @loader_path/Frameworks";
				PRODUCT_BUNDLE_IDENTIFIER = com.naoto.yamaguchi.TryRxSwiftUITests;
				PRODUCT_NAME = "$(TARGET_NAME)";
				TEST_TARGET_NAME = TryRxSwift;
			};
			name = Debug;
		};
		5C2E49001CBD1EA9001D128F /* Release */ = {
			isa = XCBuildConfiguration;
			buildSettings = {
				INFOPLIST_FILE = TryRxSwiftUITests/Info.plist;
				LD_RUNPATH_SEARCH_PATHS = "$(inherited) @executable_path/Frameworks @loader_path/Frameworks";
				PRODUCT_BUNDLE_IDENTIFIER = com.naoto.yamaguchi.TryRxSwiftUITests;
				PRODUCT_NAME = "$(TARGET_NAME)";
				TEST_TARGET_NAME = TryRxSwift;
			};
			name = Release;
		};
/* End XCBuildConfiguration section */

/* Begin XCConfigurationList section */
		5C2E48CB1CBD1EA9001D128F /* Build configuration list for PBXProject "TryRxSwift" */ = {
			isa = XCConfigurationList;
			buildConfigurations = (
				5C2E48F61CBD1EA9001D128F /* Debug */,
				5C2E48F71CBD1EA9001D128F /* Release */,
			);
			defaultConfigurationIsVisible = 0;
			defaultConfigurationName = Release;
		};
		5C2E48F81CBD1EA9001D128F /* Build configuration list for PBXNativeTarget "TryRxSwift" */ = {
			isa = XCConfigurationList;
			buildConfigurations = (
				5C2E48F91CBD1EA9001D128F /* Debug */,
				5C2E48FA1CBD1EA9001D128F /* Release */,
			);
			defaultConfigurationIsVisible = 0;
			defaultConfigurationName = Release;
		};
		5C2E48FB1CBD1EA9001D128F /* Build configuration list for PBXNativeTarget "TryRxSwiftTests" */ = {
			isa = XCConfigurationList;
			buildConfigurations = (
				5C2E48FC1CBD1EA9001D128F /* Debug */,
				5C2E48FD1CBD1EA9001D128F /* Release */,
			);
			defaultConfigurationIsVisible = 0;
			defaultConfigurationName = Release;
		};
		5C2E48FE1CBD1EA9001D128F /* Build configuration list for PBXNativeTarget "TryRxSwiftUITests" */ = {
			isa = XCConfigurationList;
			buildConfigurations = (
				5C2E48FF1CBD1EA9001D128F /* Debug */,
				5C2E49001CBD1EA9001D128F /* Release */,
			);
			defaultConfigurationIsVisible = 0;
			defaultConfigurationName = Release;
		};
/* End XCConfigurationList section */
	};
	rootObject = 5C2E48C81CBD1EA9001D128F /* Project object */;
}
