// !$*UTF8*$!
{
	archiveVersion = 1;
	classes = {
	};
	objectVersion = 46;
	objects = {

/* Begin PBXBuildFile section */
		5C9F05D01CBD42150044D9BF /* AppDelegate.swift in Sources */ = {isa = PBXBuildFile; fileRef = 5C9F05CF1CBD42150044D9BF /* AppDelegate.swift */; };
		5C9F05D21CBD42150044D9BF /* ViewController.swift in Sources */ = {isa = PBXBuildFile; fileRef = 5C9F05D11CBD42150044D9BF /* ViewController.swift */; };
		5C9F05D51CBD42150044D9BF /* Main.storyboard in Resources */ = {isa = PBXBuildFile; fileRef = 5C9F05D31CBD42150044D9BF /* Main.storyboard */; };
		5C9F05D71CBD42150044D9BF /* Assets.xcassets in Resources */ = {isa = PBXBuildFile; fileRef = 5C9F05D61CBD42150044D9BF /* Assets.xcassets */; };
		5C9F05DA1CBD42150044D9BF /* LaunchScreen.storyboard in Resources */ = {isa = PBXBuildFile; fileRef = 5C9F05D81CBD42150044D9BF /* LaunchScreen.storyboard */; };
		5C9F05E51CBD42150044D9BF /* TrySwiftBondTests.swift in Sources */ = {isa = PBXBuildFile; fileRef = 5C9F05E41CBD42150044D9BF /* TrySwiftBondTests.swift */; };
		5C9F05F01CBD42150044D9BF /* TrySwiftBondUITests.swift in Sources */ = {isa = PBXBuildFile; fileRef = 5C9F05EF1CBD42150044D9BF /* TrySwiftBondUITests.swift */; };
		5C9F060A1CBD48E20044D9BF /* Alamofire.framework in Frameworks */ = {isa = PBXBuildFile; fileRef = 5C9F06071CBD48E20044D9BF /* Alamofire.framework */; };
		5C9F060B1CBD48E20044D9BF /* Alamofire.framework in Embed Frameworks */ = {isa = PBXBuildFile; fileRef = 5C9F06071CBD48E20044D9BF /* Alamofire.framework */; settings = {ATTRIBUTES = (CodeSignOnCopy, RemoveHeadersOnCopy, ); }; };
		5C9F060C1CBD48E20044D9BF /* Bond.framework in Frameworks */ = {isa = PBXBuildFile; fileRef = 5C9F06081CBD48E20044D9BF /* Bond.framework */; };
		5C9F060D1CBD48E20044D9BF /* Bond.framework in Embed Frameworks */ = {isa = PBXBuildFile; fileRef = 5C9F06081CBD48E20044D9BF /* Bond.framework */; settings = {ATTRIBUTES = (CodeSignOnCopy, RemoveHeadersOnCopy, ); }; };
		5C9F060E1CBD48E20044D9BF /* WebImage.framework in Frameworks */ = {isa = PBXBuildFile; fileRef = 5C9F06091CBD48E20044D9BF /* WebImage.framework */; };
		5C9F060F1CBD48E20044D9BF /* WebImage.framework in Embed Frameworks */ = {isa = PBXBuildFile; fileRef = 5C9F06091CBD48E20044D9BF /* WebImage.framework */; settings = {ATTRIBUTES = (CodeSignOnCopy, RemoveHeadersOnCopy, ); }; };
/* End PBXBuildFile section */

/* Begin PBXContainerItemProxy section */
		5C9F05E11CBD42150044D9BF /* PBXContainerItemProxy */ = {
			isa = PBXContainerItemProxy;
			containerPortal = 5C9F05C41CBD42150044D9BF /* Project object */;
			proxyType = 1;
			remoteGlobalIDString = 5C9F05CB1CBD42150044D9BF;
			remoteInfo = TrySwiftBond;
		};
		5C9F05EC1CBD42150044D9BF /* PBXContainerItemProxy */ = {
			isa = PBXContainerItemProxy;
			containerPortal = 5C9F05C41CBD42150044D9BF /* Project object */;
			proxyType = 1;
			remoteGlobalIDString = 5C9F05CB1CBD42150044D9BF;
			remoteInfo = TrySwiftBond;
		};
/* End PBXContainerItemProxy section */

/* Begin PBXCopyFilesBuildPhase section */
		5C9F06101CBD48E20044D9BF /* Embed Frameworks */ = {
			isa = PBXCopyFilesBuildPhase;
			buildActionMask = 2147483647;
			dstPath = "";
			dstSubfolderSpec = 10;
			files = (
				5C9F060F1CBD48E20044D9BF /* WebImage.framework in Embed Frameworks */,
				5C9F060B1CBD48E20044D9BF /* Alamofire.framework in Embed Frameworks */,
				5C9F060D1CBD48E20044D9BF /* Bond.framework in Embed Frameworks */,
			);
			name = "Embed Frameworks";
			runOnlyForDeploymentPostprocessing = 0;
		};
/* End PBXCopyFilesBuildPhase section */

/* Begin PBXFileReference section */
		5C9F05CC1CBD42150044D9BF /* TrySwiftBond.app */ = {isa = PBXFileReference; explicitFileType = wrapper.application; includeInIndex = 0; path = TrySwiftBond.app; sourceTree = BUILT_PRODUCTS_DIR; };
		5C9F05CF1CBD42150044D9BF /* AppDelegate.swift */ = {isa = PBXFileReference; lastKnownFileType = sourcecode.swift; path = AppDelegate.swift; sourceTree = "<group>"; };
		5C9F05D11CBD42150044D9BF /* ViewController.swift */ = {isa = PBXFileReference; lastKnownFileType = sourcecode.swift; path = ViewController.swift; sourceTree = "<group>"; };
		5C9F05D41CBD42150044D9BF /* Base */ = {isa = PBXFileReference; lastKnownFileType = file.storyboard; name = Base; path = Base.lproj/Main.storyboard; sourceTree = "<group>"; };
		5C9F05D61CBD42150044D9BF /* Assets.xcassets */ = {isa = PBXFileReference; lastKnownFileType = folder.assetcatalog; path = Assets.xcassets; sourceTree = "<group>"; };
		5C9F05D91CBD42150044D9BF /* Base */ = {isa = PBXFileReference; lastKnownFileType = file.storyboard; name = Base; path = Base.lproj/LaunchScreen.storyboard; sourceTree = "<group>"; };
		5C9F05DB1CBD42150044D9BF /* Info.plist */ = {isa = PBXFileReference; lastKnownFileType = text.plist.xml; path = Info.plist; sourceTree = "<group>"; };
		5C9F05E01CBD42150044D9BF /* TrySwiftBondTests.xctest */ = {isa = PBXFileReference; explicitFileType = wrapper.cfbundle; includeInIndex = 0; path = TrySwiftBondTests.xctest; sourceTree = BUILT_PRODUCTS_DIR; };
		5C9F05E41CBD42150044D9BF /* TrySwiftBondTests.swift */ = {isa = PBXFileReference; lastKnownFileType = sourcecode.swift; path = TrySwiftBondTests.swift; sourceTree = "<group>"; };
		5C9F05E61CBD42150044D9BF /* Info.plist */ = {isa = PBXFileReference; lastKnownFileType = text.plist.xml; path = Info.plist; sourceTree = "<group>"; };
		5C9F05EB1CBD42150044D9BF /* TrySwiftBondUITests.xctest */ = {isa = PBXFileReference; explicitFileType = wrapper.cfbundle; includeInIndex = 0; path = TrySwiftBondUITests.xctest; sourceTree = BUILT_PRODUCTS_DIR; };
		5C9F05EF1CBD42150044D9BF /* TrySwiftBondUITests.swift */ = {isa = PBXFileReference; lastKnownFileType = sourcecode.swift; path = TrySwiftBondUITests.swift; sourceTree = "<group>"; };
		5C9F05F11CBD42150044D9BF /* Info.plist */ = {isa = PBXFileReference; lastKnownFileType = text.plist.xml; path = Info.plist; sourceTree = "<group>"; };
		5C9F06071CBD48E20044D9BF /* Alamofire.framework */ = {isa = PBXFileReference; lastKnownFileType = wrapper.framework; name = Alamofire.framework; path = ../Carthage/Build/iOS/Alamofire.framework; sourceTree = "<group>"; };
		5C9F06081CBD48E20044D9BF /* Bond.framework */ = {isa = PBXFileReference; lastKnownFileType = wrapper.framework; name = Bond.framework; path = ../Carthage/Build/iOS/Bond.framework; sourceTree = "<group>"; };
		5C9F06091CBD48E20044D9BF /* WebImage.framework */ = {isa = PBXFileReference; lastKnownFileType = wrapper.framework; name = WebImage.framework; path = ../Carthage/Build/iOS/WebImage.framework; sourceTree = "<group>"; };
/* End PBXFileReference section */

/* Begin PBXFrameworksBuildPhase section */
		5C9F05C91CBD42150044D9BF /* Frameworks */ = {
			isa = PBXFrameworksBuildPhase;
			buildActionMask = 2147483647;
			files = (
				5C9F060E1CBD48E20044D9BF /* WebImage.framework in Frameworks */,
				5C9F060A1CBD48E20044D9BF /* Alamofire.framework in Frameworks */,
				5C9F060C1CBD48E20044D9BF /* Bond.framework in Frameworks */,
			);
			runOnlyForDeploymentPostprocessing = 0;
		};
		5C9F05DD1CBD42150044D9BF /* Frameworks */ = {
			isa = PBXFrameworksBuildPhase;
			buildActionMask = 2147483647;
			files = (
			);
			runOnlyForDeploymentPostprocessing = 0;
		};
		5C9F05E81CBD42150044D9BF /* Frameworks */ = {
			isa = PBXFrameworksBuildPhase;
			buildActionMask = 2147483647;
			files = (
			);
			runOnlyForDeploymentPostprocessing = 0;
		};
/* End PBXFrameworksBuildPhase section */

/* Begin PBXGroup section */
		5C9F05C31CBD42150044D9BF = {
			isa = PBXGroup;
			children = (
				5C9F05CE1CBD42150044D9BF /* TrySwiftBond */,
				5C9F05E31CBD42150044D9BF /* TrySwiftBondTests */,
				5C9F05EE1CBD42150044D9BF /* TrySwiftBondUITests */,
				5C9F05CD1CBD42150044D9BF /* Products */,
			);
			sourceTree = "<group>";
		};
		5C9F05CD1CBD42150044D9BF /* Products */ = {
			isa = PBXGroup;
			children = (
				5C9F05CC1CBD42150044D9BF /* TrySwiftBond.app */,
				5C9F05E01CBD42150044D9BF /* TrySwiftBondTests.xctest */,
				5C9F05EB1CBD42150044D9BF /* TrySwiftBondUITests.xctest */,
			);
			name = Products;
			sourceTree = "<group>";
		};
		5C9F05CE1CBD42150044D9BF /* TrySwiftBond */ = {
			isa = PBXGroup;
			children = (
				5C9F06111CBD49610044D9BF /* Frameworks */,
				5C9F05CF1CBD42150044D9BF /* AppDelegate.swift */,
				5C9F05D11CBD42150044D9BF /* ViewController.swift */,
				5C9F05D31CBD42150044D9BF /* Main.storyboard */,
				5C9F05D61CBD42150044D9BF /* Assets.xcassets */,
				5C9F05D81CBD42150044D9BF /* LaunchScreen.storyboard */,
				5C9F05DB1CBD42150044D9BF /* Info.plist */,
			);
			path = TrySwiftBond;
			sourceTree = "<group>";
		};
		5C9F05E31CBD42150044D9BF /* TrySwiftBondTests */ = {
			isa = PBXGroup;
			children = (
				5C9F05E41CBD42150044D9BF /* TrySwiftBondTests.swift */,
				5C9F05E61CBD42150044D9BF /* Info.plist */,
			);
			path = TrySwiftBondTests;
			sourceTree = "<group>";
		};
		5C9F05EE1CBD42150044D9BF /* TrySwiftBondUITests */ = {
			isa = PBXGroup;
			children = (
				5C9F05EF1CBD42150044D9BF /* TrySwiftBondUITests.swift */,
				5C9F05F11CBD42150044D9BF /* Info.plist */,
			);
			path = TrySwiftBondUITests;
			sourceTree = "<group>";
		};
		5C9F06111CBD49610044D9BF /* Frameworks */ = {
			isa = PBXGroup;
			children = (
				5C9F06071CBD48E20044D9BF /* Alamofire.framework */,
				5C9F06081CBD48E20044D9BF /* Bond.framework */,
				5C9F06091CBD48E20044D9BF /* WebImage.framework */,
			);
			name = Frameworks;
			sourceTree = "<group>";
		};
/* End PBXGroup section */

/* Begin PBXNativeTarget section */
		5C9F05CB1CBD42150044D9BF /* TrySwiftBond */ = {
			isa = PBXNativeTarget;
			buildConfigurationList = 5C9F05F41CBD42150044D9BF /* Build configuration list for PBXNativeTarget "TrySwiftBond" */;
			buildPhases = (
				5C9F05C81CBD42150044D9BF /* Sources */,
				5C9F05C91CBD42150044D9BF /* Frameworks */,
				5C9F05CA1CBD42150044D9BF /* Resources */,
				5C9F06101CBD48E20044D9BF /* Embed Frameworks */,
				5C9F06121CBD49C70044D9BF /* ShellScript */,
			);
			buildRules = (
			);
			dependencies = (
			);
			name = TrySwiftBond;
			productName = TrySwiftBond;
			productReference = 5C9F05CC1CBD42150044D9BF /* TrySwiftBond.app */;
			productType = "com.apple.product-type.application";
		};
		5C9F05DF1CBD42150044D9BF /* TrySwiftBondTests */ = {
			isa = PBXNativeTarget;
			buildConfigurationList = 5C9F05F71CBD42150044D9BF /* Build configuration list for PBXNativeTarget "TrySwiftBondTests" */;
			buildPhases = (
				5C9F05DC1CBD42150044D9BF /* Sources */,
				5C9F05DD1CBD42150044D9BF /* Frameworks */,
				5C9F05DE1CBD42150044D9BF /* Resources */,
			);
			buildRules = (
			);
			dependencies = (
				5C9F05E21CBD42150044D9BF /* PBXTargetDependency */,
			);
			name = TrySwiftBondTests;
			productName = TrySwiftBondTests;
			productReference = 5C9F05E01CBD42150044D9BF /* TrySwiftBondTests.xctest */;
			productType = "com.apple.product-type.bundle.unit-test";
		};
		5C9F05EA1CBD42150044D9BF /* TrySwiftBondUITests */ = {
			isa = PBXNativeTarget;
			buildConfigurationList = 5C9F05FA1CBD42150044D9BF /* Build configuration list for PBXNativeTarget "TrySwiftBondUITests" */;
			buildPhases = (
				5C9F05E71CBD42150044D9BF /* Sources */,
				5C9F05E81CBD42150044D9BF /* Frameworks */,
				5C9F05E91CBD42150044D9BF /* Resources */,
			);
			buildRules = (
			);
			dependencies = (
				5C9F05ED1CBD42150044D9BF /* PBXTargetDependency */,
			);
			name = TrySwiftBondUITests;
			productName = TrySwiftBondUITests;
			productReference = 5C9F05EB1CBD42150044D9BF /* TrySwiftBondUITests.xctest */;
			productType = "com.apple.product-type.bundle.ui-testing";
		};
/* End PBXNativeTarget section */

/* Begin PBXProject section */
		5C9F05C41CBD42150044D9BF /* Project object */ = {
			isa = PBXProject;
			attributes = {
				LastSwiftUpdateCheck = 0730;
				LastUpgradeCheck = 0730;
				ORGANIZATIONNAME = "naoto yamaguchi";
				TargetAttributes = {
					5C9F05CB1CBD42150044D9BF = {
						CreatedOnToolsVersion = 7.3;
					};
					5C9F05DF1CBD42150044D9BF = {
						CreatedOnToolsVersion = 7.3;
						TestTargetID = 5C9F05CB1CBD42150044D9BF;
					};
					5C9F05EA1CBD42150044D9BF = {
						CreatedOnToolsVersion = 7.3;
						TestTargetID = 5C9F05CB1CBD42150044D9BF;
					};
				};
			};
			buildConfigurationList = 5C9F05C71CBD42150044D9BF /* Build configuration list for PBXProject "TrySwiftBond" */;
			compatibilityVersion = "Xcode 3.2";
			developmentRegion = English;
			hasScannedForEncodings = 0;
			knownRegions = (
				en,
				Base,
			);
			mainGroup = 5C9F05C31CBD42150044D9BF;
			productRefGroup = 5C9F05CD1CBD42150044D9BF /* Products */;
			projectDirPath = "";
			projectRoot = "";
			targets = (
				5C9F05CB1CBD42150044D9BF /* TrySwiftBond */,
				5C9F05DF1CBD42150044D9BF /* TrySwiftBondTests */,
				5C9F05EA1CBD42150044D9BF /* TrySwiftBondUITests */,
			);
		};
/* End PBXProject section */

/* Begin PBXResourcesBuildPhase section */
		5C9F05CA1CBD42150044D9BF /* Resources */ = {
			isa = PBXResourcesBuildPhase;
			buildActionMask = 2147483647;
			files = (
				5C9F05DA1CBD42150044D9BF /* LaunchScreen.storyboard in Resources */,
				5C9F05D71CBD42150044D9BF /* Assets.xcassets in Resources */,
				5C9F05D51CBD42150044D9BF /* Main.storyboard in Resources */,
			);
			runOnlyForDeploymentPostprocessing = 0;
		};
		5C9F05DE1CBD42150044D9BF /* Resources */ = {
			isa = PBXResourcesBuildPhase;
			buildActionMask = 2147483647;
			files = (
			);
			runOnlyForDeploymentPostprocessing = 0;
		};
		5C9F05E91CBD42150044D9BF /* Resources */ = {
			isa = PBXResourcesBuildPhase;
			buildActionMask = 2147483647;
			files = (
			);
			runOnlyForDeploymentPostprocessing = 0;
		};
/* End PBXResourcesBuildPhase section */

/* Begin PBXShellScriptBuildPhase section */
		5C9F06121CBD49C70044D9BF /* ShellScript */ = {
			isa = PBXShellScriptBuildPhase;
			buildActionMask = 2147483647;
			files = (
			);
			inputPaths = (
				"$(SRCROOT)/Carthage/Build/iOS/Alamofire.framework ",
				"$(SRCROOT)/Carthage/Build/iOS/Bond.framework",
				"$(SRCROOT)/Carthage/Build/iOS/WebImage.framework",
			);
			outputPaths = (
			);
			runOnlyForDeploymentPostprocessing = 0;
			shellPath = /bin/sh;
			shellScript = "/usr/local/bin/carthage copy-frameworks";
		};
/* End PBXShellScriptBuildPhase section */

/* Begin PBXSourcesBuildPhase section */
		5C9F05C81CBD42150044D9BF /* Sources */ = {
			isa = PBXSourcesBuildPhase;
			buildActionMask = 2147483647;
			files = (
				5C9F05D21CBD42150044D9BF /* ViewController.swift in Sources */,
				5C9F05D01CBD42150044D9BF /* AppDelegate.swift in Sources */,
			);
			runOnlyForDeploymentPostprocessing = 0;
		};
		5C9F05DC1CBD42150044D9BF /* Sources */ = {
			isa = PBXSourcesBuildPhase;
			buildActionMask = 2147483647;
			files = (
				5C9F05E51CBD42150044D9BF /* TrySwiftBondTests.swift in Sources */,
			);
			runOnlyForDeploymentPostprocessing = 0;
		};
		5C9F05E71CBD42150044D9BF /* Sources */ = {
			isa = PBXSourcesBuildPhase;
			buildActionMask = 2147483647;
			files = (
				5C9F05F01CBD42150044D9BF /* TrySwiftBondUITests.swift in Sources */,
			);
			runOnlyForDeploymentPostprocessing = 0;
		};
/* End PBXSourcesBuildPhase section */

/* Begin PBXTargetDependency section */
		5C9F05E21CBD42150044D9BF /* PBXTargetDependency */ = {
			isa = PBXTargetDependency;
			target = 5C9F05CB1CBD42150044D9BF /* TrySwiftBond */;
			targetProxy = 5C9F05E11CBD42150044D9BF /* PBXContainerItemProxy */;
		};
		5C9F05ED1CBD42150044D9BF /* PBXTargetDependency */ = {
			isa = PBXTargetDependency;
			target = 5C9F05CB1CBD42150044D9BF /* TrySwiftBond */;
			targetProxy = 5C9F05EC1CBD42150044D9BF /* PBXContainerItemProxy */;
		};
/* End PBXTargetDependency section */

/* Begin PBXVariantGroup section */
		5C9F05D31CBD42150044D9BF /* Main.storyboard */ = {
			isa = PBXVariantGroup;
			children = (
				5C9F05D41CBD42150044D9BF /* Base */,
			);
			name = Main.storyboard;
			sourceTree = "<group>";
		};
		5C9F05D81CBD42150044D9BF /* LaunchScreen.storyboard */ = {
			isa = PBXVariantGroup;
			children = (
				5C9F05D91CBD42150044D9BF /* Base */,
			);
			name = LaunchScreen.storyboard;
			sourceTree = "<group>";
		};
/* End PBXVariantGroup section */

/* Begin XCBuildConfiguration section */
		5C9F05F21CBD42150044D9BF /* Debug */ = {
			isa = XCBuildConfiguration;
			buildSettings = {
				ALWAYS_SEARCH_USER_PATHS = NO;
				CLANG_ANALYZER_NONNULL = YES;
				CLANG_CXX_LANGUAGE_STANDARD = "gnu++0x";
				CLANG_CXX_LIBRARY = "libc++";
				CLANG_ENABLE_MODULES = YES;
				CLANG_ENABLE_OBJC_ARC = YES;
				CLANG_WARN_BOOL_CONVERSION = YES;
				CLANG_WARN_CONSTANT_CONVERSION = YES;
				CLANG_WARN_DIRECT_OBJC_ISA_USAGE = YES_ERROR;
				CLANG_WARN_EMPTY_BODY = YES;
				CLANG_WARN_ENUM_CONVERSION = YES;
				CLANG_WARN_INT_CONVERSION = YES;
				CLANG_WARN_OBJC_ROOT_CLASS = YES_ERROR;
				CLANG_WARN_UNREACHABLE_CODE = YES;
				CLANG_WARN__DUPLICATE_METHOD_MATCH = YES;
				"CODE_SIGN_IDENTITY[sdk=iphoneos*]" = "iPhone Developer";
				COPY_PHASE_STRIP = NO;
				DEBUG_INFORMATION_FORMAT = dwarf;
				ENABLE_STRICT_OBJC_MSGSEND = YES;
				ENABLE_TESTABILITY = YES;
				GCC_C_LANGUAGE_STANDARD = gnu99;
				GCC_DYNAMIC_NO_PIC = NO;
				GCC_NO_COMMON_BLOCKS = YES;
				GCC_OPTIMIZATION_LEVEL = 0;
				GCC_PREPROCESSOR_DEFINITIONS = (
					"DEBUG=1",
					"$(inherited)",
				);
				GCC_WARN_64_TO_32_BIT_CONVERSION = YES;
				GCC_WARN_ABOUT_RETURN_TYPE = YES_ERROR;
				GCC_WARN_UNDECLARED_SELECTOR = YES;
				GCC_WARN_UNINITIALIZED_AUTOS = YES_AGGRESSIVE;
				GCC_WARN_UNUSED_FUNCTION = YES;
				GCC_WARN_UNUSED_VARIABLE = YES;
				IPHONEOS_DEPLOYMENT_TARGET = 9.3;
				MTL_ENABLE_DEBUG_INFO = YES;
				ONLY_ACTIVE_ARCH = YES;
				SDKROOT = iphoneos;
				SWIFT_OPTIMIZATION_LEVEL = "-Onone";
			};
			name = Debug;
		};
		5C9F05F31CBD42150044D9BF /* Release */ = {
			isa = XCBuildConfiguration;
			buildSettings = {
				ALWAYS_SEARCH_USER_PATHS = NO;
				CLANG_ANALYZER_NONNULL = YES;
				CLANG_CXX_LANGUAGE_STANDARD = "gnu++0x";
				CLANG_CXX_LIBRARY = "libc++";
				CLANG_ENABLE_MODULES = YES;
				CLANG_ENABLE_OBJC_ARC = YES;
				CLANG_WARN_BOOL_CONVERSION = YES;
				CLANG_WARN_CONSTANT_CONVERSION = YES;
				CLANG_WARN_DIRECT_OBJC_ISA_USAGE = YES_ERROR;
				CLANG_WARN_EMPTY_BODY = YES;
				CLANG_WARN_ENUM_CONVERSION = YES;
				CLANG_WARN_INT_CONVERSION = YES;
				CLANG_WARN_OBJC_ROOT_CLASS = YES_ERROR;
				CLANG_WARN_UNREACHABLE_CODE = YES;
				CLANG_WARN__DUPLICATE_METHOD_MATCH = YES;
				"CODE_SIGN_IDENTITY[sdk=iphoneos*]" = "iPhone Developer";
				COPY_PHASE_STRIP = NO;
				DEBUG_INFORMATION_FORMAT = "dwarf-with-dsym";
				ENABLE_NS_ASSERTIONS = NO;
				ENABLE_STRICT_OBJC_MSGSEND = YES;
				GCC_C_LANGUAGE_STANDARD = gnu99;
				GCC_NO_COMMON_BLOCKS = YES;
				GCC_WARN_64_TO_32_BIT_CONVERSION = YES;
				GCC_WARN_ABOUT_RETURN_TYPE = YES_ERROR;
				GCC_WARN_UNDECLARED_SELECTOR = YES;
				GCC_WARN_UNINITIALIZED_AUTOS = YES_AGGRESSIVE;
				GCC_WARN_UNUSED_FUNCTION = YES;
				GCC_WARN_UNUSED_VARIABLE = YES;
				IPHONEOS_DEPLOYMENT_TARGET = 9.3;
				MTL_ENABLE_DEBUG_INFO = NO;
				SDKROOT = iphoneos;
				VALIDATE_PRODUCT = YES;
			};
			name = Release;
		};
		5C9F05F51CBD42150044D9BF /* Debug */ = {
			isa = XCBuildConfiguration;
			buildSettings = {
				ASSETCATALOG_COMPILER_APPICON_NAME = AppIcon;
				FRAMEWORK_SEARCH_PATHS = (
					"$(inherited)",
					"$(PROJECT_DIR)/Carthage/Build/iOS",
				);
				INFOPLIST_FILE = TrySwiftBond/Info.plist;
				LD_RUNPATH_SEARCH_PATHS = "$(inherited) @executable_path/Frameworks";
				PRODUCT_BUNDLE_IDENTIFIER = com.naoto.yamaguchi.TrySwiftBond;
				PRODUCT_NAME = "$(TARGET_NAME)";
			};
			name = Debug;
		};
		5C9F05F61CBD42150044D9BF /* Release */ = {
			isa = XCBuildConfiguration;
			buildSettings = {
				ASSETCATALOG_COMPILER_APPICON_NAME = AppIcon;
				FRAMEWORK_SEARCH_PATHS = (
					"$(inherited)",
					"$(PROJECT_DIR)/Carthage/Build/iOS",
				);
				INFOPLIST_FILE = TrySwiftBond/Info.plist;
				LD_RUNPATH_SEARCH_PATHS = "$(inherited) @executable_path/Frameworks";
				PRODUCT_BUNDLE_IDENTIFIER = com.naoto.yamaguchi.TrySwiftBond;
				PRODUCT_NAME = "$(TARGET_NAME)";
			};
			name = Release;
		};
		5C9F05F81CBD42150044D9BF /* Debug */ = {
			isa = XCBuildConfiguration;
			buildSettings = {
				BUNDLE_LOADER = "$(TEST_HOST)";
				INFOPLIST_FILE = TrySwiftBondTests/Info.plist;
				LD_RUNPATH_SEARCH_PATHS = "$(inherited) @executable_path/Frameworks @loader_path/Frameworks";
				PRODUCT_BUNDLE_IDENTIFIER = com.naoto.yamaguchi.TrySwiftBondTests;
				PRODUCT_NAME = "$(TARGET_NAME)";
				TEST_HOST = "$(BUILT_PRODUCTS_DIR)/TrySwiftBond.app/TrySwiftBond";
			};
			name = Debug;
		};
		5C9F05F91CBD42150044D9BF /* Release */ = {
			isa = XCBuildConfiguration;
			buildSettings = {
				BUNDLE_LOADER = "$(TEST_HOST)";
				INFOPLIST_FILE = TrySwiftBondTests/Info.plist;
				LD_RUNPATH_SEARCH_PATHS = "$(inherited) @executable_path/Frameworks @loader_path/Frameworks";
				PRODUCT_BUNDLE_IDENTIFIER = com.naoto.yamaguchi.TrySwiftBondTests;
				PRODUCT_NAME = "$(TARGET_NAME)";
				TEST_HOST = "$(BUILT_PRODUCTS_DIR)/TrySwiftBond.app/TrySwiftBond";
			};
			name = Release;
		};
		5C9F05FB1CBD42150044D9BF /* Debug */ = {
			isa = XCBuildConfiguration;
			buildSettings = {
				INFOPLIST_FILE = TrySwiftBondUITests/Info.plist;
				LD_RUNPATH_SEARCH_PATHS = "$(inherited) @executable_path/Frameworks @loader_path/Frameworks";
				PRODUCT_BUNDLE_IDENTIFIER = com.naoto.yamaguchi.TrySwiftBondUITests;
				PRODUCT_NAME = "$(TARGET_NAME)";
				TEST_TARGET_NAME = TrySwiftBond;
			};
			name = Debug;
		};
		5C9F05FC1CBD42150044D9BF /* Release */ = {
			isa = XCBuildConfiguration;
			buildSettings = {
				INFOPLIST_FILE = TrySwiftBondUITests/Info.plist;
				LD_RUNPATH_SEARCH_PATHS = "$(inherited) @executable_path/Frameworks @loader_path/Frameworks";
				PRODUCT_BUNDLE_IDENTIFIER = com.naoto.yamaguchi.TrySwiftBondUITests;
				PRODUCT_NAME = "$(TARGET_NAME)";
				TEST_TARGET_NAME = TrySwiftBond;
			};
			name = Release;
		};
/* End XCBuildConfiguration section */

/* Begin XCConfigurationList section */
		5C9F05C71CBD42150044D9BF /* Build configuration list for PBXProject "TrySwiftBond" */ = {
			isa = XCConfigurationList;
			buildConfigurations = (
				5C9F05F21CBD42150044D9BF /* Debug */,
				5C9F05F31CBD42150044D9BF /* Release */,
			);
			defaultConfigurationIsVisible = 0;
			defaultConfigurationName = Release;
		};
		5C9F05F41CBD42150044D9BF /* Build configuration list for PBXNativeTarget "TrySwiftBond" */ = {
			isa = XCConfigurationList;
			buildConfigurations = (
				5C9F05F51CBD42150044D9BF /* Debug */,
				5C9F05F61CBD42150044D9BF /* Release */,
			);
			defaultConfigurationIsVisible = 0;
			defaultConfigurationName = Release;
		};
		5C9F05F71CBD42150044D9BF /* Build configuration list for PBXNativeTarget "TrySwiftBondTests" */ = {
			isa = XCConfigurationList;
			buildConfigurations = (
				5C9F05F81CBD42150044D9BF /* Debug */,
				5C9F05F91CBD42150044D9BF /* Release */,
			);
			defaultConfigurationIsVisible = 0;
			defaultConfigurationName = Release;
		};
		5C9F05FA1CBD42150044D9BF /* Build configuration list for PBXNativeTarget "TrySwiftBondUITests" */ = {
			isa = XCConfigurationList;
			buildConfigurations = (
				5C9F05FB1CBD42150044D9BF /* Debug */,
				5C9F05FC1CBD42150044D9BF /* Release */,
			);
			defaultConfigurationIsVisible = 0;
			defaultConfigurationName = Release;
		};
/* End XCConfigurationList section */
	};
	rootObject = 5C9F05C41CBD42150044D9BF /* Project object */;
}
